{
  "version": 4,
  "terraform_version": "0.15.4",
  "serial": 132,
  "lineage": "7cd7aa13-568d-d8ee-b489-9040ac9e3fb3",
  "outputs": {},
  "resources": [
    {
      "mode": "data",
      "type": "aws_availability_zones",
      "name": "available",
      "provider": "provider[\"registry.terraform.io/hashicorp/aws\"]",
      "instances": [
        {
          "schema_version": 0,
          "attributes": {
            "all_availability_zones": null,
            "exclude_names": null,
            "exclude_zone_ids": null,
            "filter": null,
            "group_names": [
              "us-east-1"
            ],
            "id": "us-east-1",
            "names": [
              "us-east-1a",
              "us-east-1b",
              "us-east-1c",
              "us-east-1d",
              "us-east-1e",
              "us-east-1f"
            ],
            "state": null,
            "zone_ids": [
              "use1-az6",
              "use1-az1",
              "use1-az2",
              "use1-az4",
              "use1-az3",
              "use1-az5"
            ]
          },
          "sensitive_attributes": []
        }
      ]
    },
    {
      "mode": "data",
      "type": "aws_iam_policy_document",
      "name": "ecs_cluster",
      "provider": "provider[\"registry.terraform.io/hashicorp/aws\"]",
      "instances": [
        {
          "schema_version": 0,
          "attributes": {
            "id": "1397571899",
            "json": "{\n  \"Version\": \"2012-10-17\",\n  \"Statement\": [\n    {\n      \"Sid\": \"DeployService\",\n      \"Effect\": \"Allow\",\n      \"Action\": [\n        \"ecs:UpdateService\",\n        \"ecs:DescribeTaskDefinition\",\n        \"ecs:DescribeServices\"\n      ],\n      \"Resource\": \"*\"\n    },\n    {\n      \"Sid\": \"RegisterTaskDefinition\",\n      \"Effect\": \"Allow\",\n      \"Action\": \"ecs:RegisterTaskDefinition\",\n      \"Resource\": \"*\"\n    },\n    {\n      \"Sid\": \"PassRolesInTaskDefinition\",\n      \"Effect\": \"Allow\",\n      \"Action\": \"iam:PassRole\",\n      \"Resource\": [\n        \"arn:aws:iam::809247286407:role/ECS_TASK\",\n        \"arn:aws:iam::809247286407:role/ECS_EXECUTION\"\n      ]\n    }\n  ]\n}",
            "override_json": null,
            "override_policy_documents": null,
            "policy_id": null,
            "source_json": null,
            "source_policy_documents": null,
            "statement": [
              {
                "actions": [
                  "ecs:DescribeServices",
                  "ecs:DescribeTaskDefinition",
                  "ecs:UpdateService"
                ],
                "condition": [],
                "effect": "Allow",
                "not_actions": [],
                "not_principals": [],
                "not_resources": [],
                "principals": [],
                "resources": [
                  "*"
                ],
                "sid": "DeployService"
              },
              {
                "actions": [
                  "ecs:RegisterTaskDefinition"
                ],
                "condition": [],
                "effect": "Allow",
                "not_actions": [],
                "not_principals": [],
                "not_resources": [],
                "principals": [],
                "resources": [
                  "*"
                ],
                "sid": "RegisterTaskDefinition"
              },
              {
                "actions": [
                  "iam:PassRole"
                ],
                "condition": [],
                "effect": "Allow",
                "not_actions": [],
                "not_principals": [],
                "not_resources": [],
                "principals": [],
                "resources": [
                  "arn:aws:iam::809247286407:role/ECS_EXECUTION",
                  "arn:aws:iam::809247286407:role/ECS_TASK"
                ],
                "sid": "PassRolesInTaskDefinition"
              }
            ],
            "version": "2012-10-17"
          },
          "sensitive_attributes": []
        }
      ]
    },
    {
      "mode": "data",
      "type": "aws_iam_policy_document",
      "name": "ecs_tasks",
      "provider": "provider[\"registry.terraform.io/hashicorp/aws\"]",
      "instances": [
        {
          "schema_version": 0,
          "attributes": {
            "id": "320642683",
            "json": "{\n  \"Version\": \"2012-10-17\",\n  \"Statement\": [\n    {\n      \"Sid\": \"\",\n      \"Effect\": \"Allow\",\n      \"Action\": \"sts:AssumeRole\",\n      \"Principal\": {\n        \"Service\": \"ecs-tasks.amazonaws.com\"\n      }\n    }\n  ]\n}",
            "override_json": null,
            "override_policy_documents": null,
            "policy_id": null,
            "source_json": null,
            "source_policy_documents": null,
            "statement": [
              {
                "actions": [
                  "sts:AssumeRole"
                ],
                "condition": [],
                "effect": "Allow",
                "not_actions": [],
                "not_principals": [],
                "not_resources": [],
                "principals": [
                  {
                    "identifiers": [
                      "ecs-tasks.amazonaws.com"
                    ],
                    "type": "Service"
                  }
                ],
                "resources": [],
                "sid": ""
              }
            ],
            "version": "2012-10-17"
          },
          "sensitive_attributes": []
        }
      ]
    },
    {
      "mode": "data",
      "type": "aws_iam_policy_document",
      "name": "execution",
      "provider": "provider[\"registry.terraform.io/hashicorp/aws\"]",
      "instances": [
        {
          "schema_version": 0,
          "attributes": {
            "id": "1795380681",
            "json": "{\n  \"Version\": \"2012-10-17\",\n  \"Statement\": [\n    {\n      \"Sid\": \"\",\n      \"Effect\": \"Allow\",\n      \"Action\": [\n        \"logs:PutLogEvents\",\n        \"logs:CreateLogStream\",\n        \"ecs:UpdateContainerInstancesState\",\n        \"ecs:Submit*\",\n        \"ecs:StartTelemetrySession\",\n        \"ecs:RegisterContainerInstance\",\n        \"ecs:Poll\",\n        \"ecs:DiscoverPollEndpoint\",\n        \"ecs:DeregisterContainerInstance\",\n        \"ecr:GetDownloadUrlForLayer\",\n        \"ecr:GetAuthorizationToken\",\n        \"ecr:BatchGetImage\",\n        \"ecr:BatchCheckLayerAvailability\",\n        \"ec2:DescribeTags\"\n      ],\n      \"Resource\": \"*\"\n    },\n    {\n      \"Sid\": \"\",\n      \"Effect\": \"Allow\",\n      \"Action\": [\n        \"secretsmanager:GetSecretValue\",\n        \"kms:Decrypt\"\n      ],\n      \"Resource\": [\n        \"arn:aws:secretsmanager:us-east-1:809247286407:secret:GS_HACK_FINN_TOKEN-LO6g1S\",\n        \"arn:aws:kms:us-east-1:809247286407:key/365dbdf7-8076-497c-9873-84c20be5c36a\"\n      ]\n    },\n    {\n      \"Sid\": \"\",\n      \"Effect\": \"Allow\",\n      \"Action\": [\n        \"dynamodb:UpdateItem\",\n        \"dynamodb:Scan\",\n        \"dynamodb:Query\",\n        \"dynamodb:PutItem\",\n        \"dynamodb:GetItem\",\n        \"dynamodb:DeleteItem\",\n        \"dynamodb:BatchWriteItem\",\n        \"dynamodb:BatchGetItem\"\n      ],\n      \"Resource\": \"arn:aws:dynamodb:us-east-1:809247286407:table/gs-hack-user_db\"\n    }\n  ]\n}",
            "override_json": null,
            "override_policy_documents": null,
            "policy_id": null,
            "source_json": null,
            "source_policy_documents": null,
            "statement": [
              {
                "actions": [
                  "ec2:DescribeTags",
                  "ecr:BatchCheckLayerAvailability",
                  "ecr:BatchGetImage",
                  "ecr:GetAuthorizationToken",
                  "ecr:GetDownloadUrlForLayer",
                  "ecs:DeregisterContainerInstance",
                  "ecs:DiscoverPollEndpoint",
                  "ecs:Poll",
                  "ecs:RegisterContainerInstance",
                  "ecs:StartTelemetrySession",
                  "ecs:Submit*",
                  "ecs:UpdateContainerInstancesState",
                  "logs:CreateLogStream",
                  "logs:PutLogEvents"
                ],
                "condition": [],
                "effect": "Allow",
                "not_actions": [],
                "not_principals": [],
                "not_resources": [],
                "principals": [],
                "resources": [
                  "*"
                ],
                "sid": ""
              },
              {
                "actions": [
                  "kms:Decrypt",
                  "secretsmanager:GetSecretValue"
                ],
                "condition": [],
                "effect": "Allow",
                "not_actions": [],
                "not_principals": [],
                "not_resources": [],
                "principals": [],
                "resources": [
                  "arn:aws:kms:us-east-1:809247286407:key/365dbdf7-8076-497c-9873-84c20be5c36a",
                  "arn:aws:secretsmanager:us-east-1:809247286407:secret:GS_HACK_FINN_TOKEN-LO6g1S"
                ],
                "sid": ""
              },
              {
                "actions": [
                  "dynamodb:BatchGetItem",
                  "dynamodb:BatchWriteItem",
                  "dynamodb:DeleteItem",
                  "dynamodb:GetItem",
                  "dynamodb:PutItem",
                  "dynamodb:Query",
                  "dynamodb:Scan",
                  "dynamodb:UpdateItem"
                ],
                "condition": [],
                "effect": "Allow",
                "not_actions": [],
                "not_principals": [],
                "not_resources": [],
                "principals": [],
                "resources": [
                  "arn:aws:dynamodb:us-east-1:809247286407:table/gs-hack-user_db"
                ],
                "sid": ""
              }
            ],
            "version": "2012-10-17"
          },
          "sensitive_attributes": []
        }
      ]
    },
    {
      "mode": "data",
      "type": "aws_vpc_endpoint_service",
      "name": "secret_manager",
      "provider": "provider[\"registry.terraform.io/hashicorp/aws\"]",
      "instances": [
        {
          "schema_version": 0,
          "attributes": {
            "acceptance_required": false,
            "arn": "arn:aws:ec2:us-east-1:809247286407:vpc-endpoint-service/vpce-svc-07ba2575bd2f07864",
            "availability_zones": [
              "us-east-1a",
              "us-east-1b",
              "us-east-1c",
              "us-east-1d",
              "us-east-1e",
              "us-east-1f"
            ],
            "base_endpoint_dns_names": [
              "secretsmanager.us-east-1.vpce.amazonaws.com"
            ],
            "filter": null,
            "id": "2799604443",
            "manages_vpc_endpoints": false,
            "owner": "amazon",
            "private_dns_name": "secretsmanager.us-east-1.amazonaws.com",
            "service": "secretsmanager",
            "service_id": "vpce-svc-07ba2575bd2f07864",
            "service_name": "com.amazonaws.us-east-1.secretsmanager",
            "service_type": "Interface",
            "tags": {},
            "vpc_endpoint_policy_supported": true
          },
          "sensitive_attributes": []
        }
      ]
    },
    {
      "mode": "managed",
      "type": "aws_acm_certificate",
      "name": "api",
      "provider": "provider[\"registry.terraform.io/hashicorp/aws\"]",
      "instances": [
        {
          "schema_version": 0,
          "attributes": {
            "arn": "arn:aws:acm:us-east-1:809247286407:certificate/082088aa-1c22-4557-aa19-3b3ec450dd26",
            "certificate_authority_arn": "",
            "certificate_body": null,
            "certificate_chain": null,
            "domain_name": "api.gs-maverick-finance.tech",
            "domain_validation_options": [
              {
                "domain_name": "api.gs-maverick-finance.tech",
                "resource_record_name": "_2e325c76a2f8623cabe30a8a7519b684.api.gs-maverick-finance.tech.",
                "resource_record_type": "CNAME",
                "resource_record_value": "_df186e307b1b1f77562fb102fe6d6975.ymrbdtpxcr.acm-validations.aws."
              }
            ],
            "id": "arn:aws:acm:us-east-1:809247286407:certificate/082088aa-1c22-4557-aa19-3b3ec450dd26",
            "options": [
              {
                "certificate_transparency_logging_preference": "ENABLED"
              }
            ],
            "private_key": null,
            "status": "ISSUED",
            "subject_alternative_names": [],
            "tags": {
              "app": "gs-hack"
            },
            "tags_all": {
              "app": "gs-hack"
            },
            "validation_emails": [],
            "validation_method": "DNS"
          },
          "sensitive_attributes": [],
          "private": "bnVsbA=="
        }
      ]
    },
    {
      "mode": "managed",
      "type": "aws_acm_certificate",
      "name": "auth",
      "provider": "provider[\"registry.terraform.io/hashicorp/aws\"]",
      "instances": [
        {
          "schema_version": 0,
          "attributes": {
            "arn": "arn:aws:acm:us-east-1:809247286407:certificate/f9d61120-9562-48b5-9148-7235a2b47f55",
            "certificate_authority_arn": "",
            "certificate_body": null,
            "certificate_chain": null,
            "domain_name": "auth.gs-maverick-finance.tech",
            "domain_validation_options": [
              {
                "domain_name": "auth.gs-maverick-finance.tech",
                "resource_record_name": "_518eea8584234110a9202492fed31a3a.auth.gs-maverick-finance.tech.",
                "resource_record_type": "CNAME",
                "resource_record_value": "_e29e94addad5f31b1ec4e8c0410a5a46.ymrbdtpxcr.acm-validations.aws."
              }
            ],
            "id": "arn:aws:acm:us-east-1:809247286407:certificate/f9d61120-9562-48b5-9148-7235a2b47f55",
            "options": [
              {
                "certificate_transparency_logging_preference": "ENABLED"
              }
            ],
            "private_key": null,
            "status": "ISSUED",
            "subject_alternative_names": [],
            "tags": {
              "app": "gs-hack"
            },
            "tags_all": {
              "app": "gs-hack"
            },
            "validation_emails": [],
            "validation_method": "DNS"
          },
          "sensitive_attributes": [],
          "private": "bnVsbA=="
        }
      ]
    },
    {
      "mode": "managed",
      "type": "aws_acm_certificate",
      "name": "web",
      "provider": "provider[\"registry.terraform.io/hashicorp/aws\"]",
      "instances": [
        {
          "schema_version": 0,
          "attributes": {
            "arn": "arn:aws:acm:us-east-1:809247286407:certificate/ef79d4b0-36fd-437d-abdc-b9cd2ab6141e",
            "certificate_authority_arn": "",
            "certificate_body": null,
            "certificate_chain": null,
            "domain_name": "gs-maverick-finance.tech",
            "domain_validation_options": [
              {
                "domain_name": "gs-maverick-finance.tech",
                "resource_record_name": "_bf30fba8b53371c20c2760fcc0c4bab8.gs-maverick-finance.tech.",
                "resource_record_type": "CNAME",
                "resource_record_value": "_f5c64c5c898fde79a1cc142332aefa92.ymrbdtpxcr.acm-validations.aws."
              }
            ],
            "id": "arn:aws:acm:us-east-1:809247286407:certificate/ef79d4b0-36fd-437d-abdc-b9cd2ab6141e",
            "options": [
              {
                "certificate_transparency_logging_preference": "ENABLED"
              }
            ],
            "private_key": null,
            "status": "ISSUED",
            "subject_alternative_names": [],
            "tags": {
              "app": "gs-hack"
            },
            "tags_all": {
              "app": "gs-hack"
            },
            "validation_emails": [],
            "validation_method": "DNS"
          },
          "sensitive_attributes": [],
          "private": "bnVsbA=="
        }
      ]
    },
    {
      "mode": "managed",
      "type": "aws_acm_certificate_validation",
      "name": "api_cert",
      "provider": "provider[\"registry.terraform.io/hashicorp/aws\"]",
      "instances": [
        {
          "schema_version": 0,
          "attributes": {
            "certificate_arn": "arn:aws:acm:us-east-1:809247286407:certificate/082088aa-1c22-4557-aa19-3b3ec450dd26",
            "id": "2021-08-27 05:12:19.609 +0000 UTC",
            "timeouts": null,
            "validation_record_fqdns": [
              "_2e325c76a2f8623cabe30a8a7519b684.api.gs-maverick-finance.tech"
            ]
          },
          "sensitive_attributes": [],
          "private": "eyJlMmJmYjczMC1lY2FhLTExZTYtOGY4OC0zNDM2M2JjN2M0YzAiOnsiY3JlYXRlIjoyNzAwMDAwMDAwMDAwfX0=",
          "dependencies": [
            "aws_acm_certificate.api",
            "aws_route53_record.api_cert_validation",
            "aws_route53_zone.gs_hack"
          ]
        }
      ]
    },
    {
      "mode": "managed",
      "type": "aws_acm_certificate_validation",
      "name": "auth_cert",
      "provider": "provider[\"registry.terraform.io/hashicorp/aws\"]",
      "instances": [
        {
          "schema_version": 0,
          "attributes": {
            "certificate_arn": "arn:aws:acm:us-east-1:809247286407:certificate/f9d61120-9562-48b5-9148-7235a2b47f55",
            "id": "2021-08-27 16:39:08.018 +0000 UTC",
            "timeouts": null,
            "validation_record_fqdns": [
              "_518eea8584234110a9202492fed31a3a.auth.gs-maverick-finance.tech"
            ]
          },
          "sensitive_attributes": [],
          "private": "eyJlMmJmYjczMC1lY2FhLTExZTYtOGY4OC0zNDM2M2JjN2M0YzAiOnsiY3JlYXRlIjoyNzAwMDAwMDAwMDAwfX0=",
          "dependencies": [
            "aws_acm_certificate.auth",
            "aws_route53_record.auth_cert_validation",
            "aws_route53_zone.gs_hack"
          ]
        }
      ]
    },
    {
      "mode": "managed",
      "type": "aws_acm_certificate_validation",
      "name": "web_cert",
      "provider": "provider[\"registry.terraform.io/hashicorp/aws\"]",
      "instances": [
        {
          "schema_version": 0,
          "attributes": {
            "certificate_arn": "arn:aws:acm:us-east-1:809247286407:certificate/ef79d4b0-36fd-437d-abdc-b9cd2ab6141e",
            "id": "2021-08-27 16:39:04.043 +0000 UTC",
            "timeouts": null,
            "validation_record_fqdns": [
              "_bf30fba8b53371c20c2760fcc0c4bab8.gs-maverick-finance.tech"
            ]
          },
          "sensitive_attributes": [],
          "private": "eyJlMmJmYjczMC1lY2FhLTExZTYtOGY4OC0zNDM2M2JjN2M0YzAiOnsiY3JlYXRlIjoyNzAwMDAwMDAwMDAwfX0=",
          "dependencies": [
            "aws_route53_zone.gs_hack",
            "aws_acm_certificate.web",
            "aws_route53_record.web_cert_validation"
          ]
        }
      ]
    },
    {
      "mode": "managed",
      "type": "aws_api_gateway_vpc_link",
      "name": "main",
      "provider": "provider[\"registry.terraform.io/hashicorp/aws\"]",
      "instances": [
        {
          "status": "tainted",
          "schema_version": 0,
          "attributes": {
            "arn": null,
            "description": "allows public API Gateway for gs-hack to talk to private NLB",
            "id": "zwg1nw",
            "name": "gs-hack-vpc_link",
            "tags": null,
            "tags_all": null,
            "target_arns": [
              "arn:aws:elasticloadbalancing:us-east-1:809247286407:loadbalancer/net/gs-hack-gs-nlb/0597734792f2647a"
            ]
          },
          "sensitive_attributes": [],
          "private": "bnVsbA==",
          "dependencies": [
            "module.nlb.aws_lb.this",
            "module.vpc.aws_subnet.private"
          ]
        }
      ]
    },
    {
      "mode": "managed",
      "type": "aws_cloudwatch_log_group",
      "name": "gs_hack",
      "provider": "provider[\"registry.terraform.io/hashicorp/aws\"]",
      "instances": [
        {
          "schema_version": 0,
          "attributes": {
            "arn": "arn:aws:logs:us-east-1:809247286407:log-group:/hack/gs_hack",
            "id": "/hack/gs_hack",
            "kms_key_id": "",
            "name": "/hack/gs_hack",
            "name_prefix": null,
            "retention_in_days": 5,
            "tags": {},
            "tags_all": {}
          },
          "sensitive_attributes": [],
          "private": "bnVsbA=="
        }
      ]
    },
    {
      "mode": "managed",
      "type": "aws_cloudwatch_log_stream",
      "name": "gs_hack-stream",
      "provider": "provider[\"registry.terraform.io/hashicorp/aws\"]",
      "instances": [
        {
          "schema_version": 0,
          "attributes": {
            "arn": "arn:aws:logs:us-east-1:809247286407:log-group:/hack/gs_hack:log-stream:/hack/gs_hack_stream",
            "id": "/hack/gs_hack_stream",
            "log_group_name": "/hack/gs_hack",
            "name": "/hack/gs_hack_stream"
          },
          "sensitive_attributes": [],
          "private": "bnVsbA==",
          "dependencies": [
            "aws_cloudwatch_log_group.gs_hack"
          ]
        }
      ]
    },
    {
      "mode": "managed",
      "type": "aws_ecs_cluster",
      "name": "gs_cluster",
      "provider": "provider[\"registry.terraform.io/hashicorp/aws\"]",
      "instances": [
        {
          "schema_version": 0,
          "attributes": {
            "arn": "arn:aws:ecs:us-east-1:809247286407:cluster/gs-hack-ecs-gs_cluster",
            "capacity_providers": [],
            "configuration": [],
            "default_capacity_provider_strategy": [],
            "id": "arn:aws:ecs:us-east-1:809247286407:cluster/gs-hack-ecs-gs_cluster",
            "name": "gs-hack-ecs-gs_cluster",
            "setting": [
              {
                "name": "containerInsights",
                "value": "disabled"
              }
            ],
            "tags": {},
            "tags_all": {}
          },
          "sensitive_attributes": [],
          "private": "bnVsbA=="
        }
      ]
    },
    {
      "mode": "managed",
      "type": "aws_ecs_service",
      "name": "gs_hack_education",
      "provider": "provider[\"registry.terraform.io/hashicorp/aws\"]",
      "instances": [
        {
          "schema_version": 0,
          "attributes": {
            "capacity_provider_strategy": [],
            "cluster": "arn:aws:ecs:us-east-1:809247286407:cluster/gs-hack-ecs-gs_cluster",
            "deployment_circuit_breaker": [
              {
                "enable": false,
                "rollback": false
              }
            ],
            "deployment_controller": [
              {
                "type": "ECS"
              }
            ],
            "deployment_maximum_percent": 200,
            "deployment_minimum_healthy_percent": 100,
            "desired_count": 1,
            "enable_ecs_managed_tags": false,
            "enable_execute_command": false,
            "force_new_deployment": null,
            "health_check_grace_period_seconds": 0,
            "iam_role": "aws-service-role",
            "id": "arn:aws:ecs:us-east-1:809247286407:service/gs-hack-ecs-gs_cluster/gs_hack_education",
            "launch_type": "FARGATE",
            "load_balancer": [
              {
                "container_name": "gs_hack_education",
                "container_port": 8080,
                "elb_name": "",
                "target_group_arn": "arn:aws:elasticloadbalancing:us-east-1:809247286407:targetgroup/edu20210827051331313300000002/2dae98e1492b18b9"
              }
            ],
            "name": "gs_hack_education",
            "network_configuration": [
              {
                "assign_public_ip": true,
                "security_groups": [
                  "sg-0f16161bc0582a7d7"
                ],
                "subnets": [
                  "subnet-03b5f383b00c044cf",
                  "subnet-056015ee11ff0f6c2"
                ]
              }
            ],
            "ordered_placement_strategy": [],
            "placement_constraints": [],
            "platform_version": "LATEST",
            "propagate_tags": "NONE",
            "scheduling_strategy": "REPLICA",
            "service_registries": [
              {
                "container_name": "",
                "container_port": 0,
                "port": 0,
                "registry_arn": "arn:aws:servicediscovery:us-east-1:809247286407:service/srv-jg7lw7gemqmtlnzw"
              }
            ],
            "tags": {},
            "tags_all": {},
            "task_definition": "arn:aws:ecs:us-east-1:809247286407:task-definition/gs_hack_education:1",
            "timeouts": null,
            "wait_for_steady_state": false
          },
          "sensitive_attributes": [],
          "private": "eyJlMmJmYjczMC1lY2FhLTExZTYtOGY4OC0zNDM2M2JjN2M0YzAiOnsiZGVsZXRlIjoxMjAwMDAwMDAwMDAwfX0=",
          "dependencies": [
            "aws_iam_role.execution_role",
            "aws_kms_key.default",
            "aws_secretsmanager_secret.news_api_key",
            "aws_security_group.allow_ssh_pub",
            "module.lb.aws_lb.this",
            "module.vpc.aws_vpc_ipv4_cidr_block_association.this",
            "aws_ecs_cluster.gs_cluster",
            "aws_ecs_task_definition.gs_hack_education",
            "aws_service_discovery_private_dns_namespace.gs_hack",
            "module.lb.aws_lb_target_group.main",
            "module.vpc.aws_subnet.private",
            "module.vpc.aws_vpc.this",
            "aws_cloudwatch_log_group.gs_hack",
            "aws_security_group.cluster_entry",
            "aws_service_discovery_service.finnedu",
            "data.aws_iam_policy_document.ecs_tasks",
            "aws_iam_role.task_role",
            "aws_security_group.alb_sg",
            "module.vpc.aws_subnet.public"
          ]
        }
      ]
    },
    {
      "mode": "managed",
      "type": "aws_ecs_service",
      "name": "gs_hack_finnproducts",
      "provider": "provider[\"registry.terraform.io/hashicorp/aws\"]",
      "instances": [
        {
          "schema_version": 0,
          "attributes": {
            "capacity_provider_strategy": [],
            "cluster": "arn:aws:ecs:us-east-1:809247286407:cluster/gs-hack-ecs-gs_cluster",
            "deployment_circuit_breaker": [
              {
                "enable": false,
                "rollback": false
              }
            ],
            "deployment_controller": [
              {
                "type": "ECS"
              }
            ],
            "deployment_maximum_percent": 200,
            "deployment_minimum_healthy_percent": 100,
            "desired_count": 1,
            "enable_ecs_managed_tags": false,
            "enable_execute_command": false,
            "force_new_deployment": null,
            "health_check_grace_period_seconds": 0,
            "iam_role": "aws-service-role",
            "id": "arn:aws:ecs:us-east-1:809247286407:service/gs-hack-ecs-gs_cluster/gs_hack_finnproducts",
            "launch_type": "FARGATE",
            "load_balancer": [
              {
                "container_name": "gs_hack_finnproducts",
                "container_port": 8080,
                "elb_name": "",
                "target_group_arn": "arn:aws:elasticloadbalancing:us-east-1:809247286407:targetgroup/finn20210827051331314300000003/e33efb5f50ebab11"
              }
            ],
            "name": "gs_hack_finnproducts",
            "network_configuration": [
              {
                "assign_public_ip": true,
                "security_groups": [
                  "sg-0f16161bc0582a7d7"
                ],
                "subnets": [
                  "subnet-03b5f383b00c044cf",
                  "subnet-056015ee11ff0f6c2"
                ]
              }
            ],
            "ordered_placement_strategy": [],
            "placement_constraints": [],
            "platform_version": "LATEST",
            "propagate_tags": "NONE",
            "scheduling_strategy": "REPLICA",
            "service_registries": [
              {
                "container_name": "",
                "container_port": 0,
                "port": 0,
                "registry_arn": "arn:aws:servicediscovery:us-east-1:809247286407:service/srv-usnu6ft2jh65oaiu"
              }
            ],
            "tags": {},
            "tags_all": {},
            "task_definition": "arn:aws:ecs:us-east-1:809247286407:task-definition/gs_hack_finnproducts:1",
            "timeouts": null,
            "wait_for_steady_state": false
          },
          "sensitive_attributes": [],
          "private": "eyJlMmJmYjczMC1lY2FhLTExZTYtOGY4OC0zNDM2M2JjN2M0YzAiOnsiZGVsZXRlIjoxMjAwMDAwMDAwMDAwfX0=",
          "dependencies": [
            "aws_cloudwatch_log_group.gs_hack",
            "aws_security_group.alb_sg",
            "data.aws_iam_policy_document.ecs_tasks",
            "module.lb.aws_lb_target_group.main",
            "aws_iam_role.task_role",
            "aws_secretsmanager_secret.finn_token",
            "aws_service_discovery_service.finnproducts",
            "module.lb.aws_lb.this",
            "module.vpc.aws_subnet.public",
            "module.vpc.aws_vpc.this",
            "aws_iam_role.execution_role",
            "aws_ecs_task_definition.gs_hack_finnproducts",
            "aws_kms_key.default",
            "aws_security_group.allow_ssh_pub",
            "aws_security_group.cluster_entry",
            "aws_service_discovery_private_dns_namespace.gs_hack",
            "module.vpc.aws_subnet.private",
            "module.vpc.aws_vpc_ipv4_cidr_block_association.this",
            "aws_ecs_cluster.gs_cluster"
          ]
        }
      ]
    },
    {
      "mode": "managed",
      "type": "aws_ecs_service",
      "name": "gs_hack_user",
      "provider": "provider[\"registry.terraform.io/hashicorp/aws\"]",
      "instances": [
        {
          "schema_version": 0,
          "attributes": {
            "capacity_provider_strategy": [],
            "cluster": "arn:aws:ecs:us-east-1:809247286407:cluster/gs-hack-ecs-gs_cluster",
            "deployment_circuit_breaker": [
              {
                "enable": false,
                "rollback": false
              }
            ],
            "deployment_controller": [
              {
                "type": "ECS"
              }
            ],
            "deployment_maximum_percent": 200,
            "deployment_minimum_healthy_percent": 100,
            "desired_count": 1,
            "enable_ecs_managed_tags": false,
            "enable_execute_command": false,
            "force_new_deployment": null,
            "health_check_grace_period_seconds": 0,
            "iam_role": "aws-service-role",
            "id": "arn:aws:ecs:us-east-1:809247286407:service/gs-hack-ecs-gs_cluster/gs_hack_user",
            "launch_type": "FARGATE",
            "load_balancer": [
              {
                "container_name": "gs_hack_user",
                "container_port": 8080,
                "elb_name": "",
                "target_group_arn": "arn:aws:elasticloadbalancing:us-east-1:809247286407:targetgroup/user20210827051331311300000001/727da9387d6ec13d"
              }
            ],
            "name": "gs_hack_user",
            "network_configuration": [
              {
                "assign_public_ip": true,
                "security_groups": [
                  "sg-0f16161bc0582a7d7"
                ],
                "subnets": [
                  "subnet-03b5f383b00c044cf",
                  "subnet-056015ee11ff0f6c2"
                ]
              }
            ],
            "ordered_placement_strategy": [],
            "placement_constraints": [],
            "platform_version": "LATEST",
            "propagate_tags": "NONE",
            "scheduling_strategy": "REPLICA",
            "service_registries": [
              {
                "container_name": "",
                "container_port": 0,
                "port": 0,
                "registry_arn": "arn:aws:servicediscovery:us-east-1:809247286407:service/srv-fxzgwart44a26yy3"
              }
            ],
            "tags": {},
            "tags_all": {},
            "task_definition": "arn:aws:ecs:us-east-1:809247286407:task-definition/gs_hack_user:1",
            "timeouts": null,
            "wait_for_steady_state": false
          },
          "sensitive_attributes": [],
          "private": "eyJlMmJmYjczMC1lY2FhLTExZTYtOGY4OC0zNDM2M2JjN2M0YzAiOnsiZGVsZXRlIjoxMjAwMDAwMDAwMDAwfX0=",
          "dependencies": [
            "aws_ecs_task_definition.gs_hack_user",
            "aws_iam_role.execution_role",
            "aws_security_group.allow_ssh_pub",
            "module.lb.aws_lb.this",
            "aws_cloudwatch_log_group.gs_hack",
            "aws_iam_role.task_role",
            "module.lb.aws_lb_target_group.main",
            "module.vpc.aws_subnet.private",
            "aws_security_group.cluster_entry",
            "aws_service_discovery_service.finnusers",
            "aws_ecs_cluster.gs_cluster",
            "aws_security_group.alb_sg",
            "aws_service_discovery_private_dns_namespace.gs_hack",
            "data.aws_iam_policy_document.ecs_tasks",
            "module.vpc.aws_subnet.public",
            "module.vpc.aws_vpc.this",
            "module.vpc.aws_vpc_ipv4_cidr_block_association.this"
          ]
        }
      ]
    },
    {
      "mode": "managed",
      "type": "aws_ecs_task_definition",
      "name": "gs_hack_education",
      "provider": "provider[\"registry.terraform.io/hashicorp/aws\"]",
      "instances": [
        {
          "schema_version": 1,
          "attributes": {
            "arn": "arn:aws:ecs:us-east-1:809247286407:task-definition/gs_hack_education:1",
            "container_definitions": "[{\"cpu\":0,\"environment\":[],\"essential\":true,\"image\":\"809247286407.dkr.ecr.us-east-1.amazonaws.com/gs_hack_education:latest\",\"logConfiguration\":{\"logDriver\":\"awslogs\",\"options\":{\"awslogs-group\":\"/hack/gs_hack\",\"awslogs-region\":\"us-east-1\",\"awslogs-stream-prefix\":\"ecs-api\"}},\"mountPoints\":[],\"name\":\"gs_hack_education\",\"portMappings\":[{\"containerPort\":8080,\"hostPort\":8080,\"protocol\":\"tcp\"}],\"readonlyRootFilesystem\":false,\"volumesFrom\":[]}]",
            "cpu": "256",
            "ephemeral_storage": [],
            "execution_role_arn": "arn:aws:iam::809247286407:role/ECS_EXECUTION",
            "family": "gs_hack_education",
            "id": "gs_hack_education",
            "inference_accelerator": [],
            "ipc_mode": "",
            "memory": "512",
            "network_mode": "awsvpc",
            "pid_mode": "",
            "placement_constraints": [],
            "proxy_configuration": [],
            "requires_compatibilities": [
              "FARGATE"
            ],
            "revision": 1,
            "tags": {},
            "tags_all": {},
            "task_role_arn": "arn:aws:iam::809247286407:role/ECS_TASK",
            "volume": []
          },
          "sensitive_attributes": [],
          "private": "eyJzY2hlbWFfdmVyc2lvbiI6IjEifQ==",
          "dependencies": [
            "aws_iam_role.execution_role",
            "aws_iam_role.task_role",
            "aws_kms_key.default",
            "aws_secretsmanager_secret.news_api_key",
            "data.aws_iam_policy_document.ecs_tasks",
            "aws_cloudwatch_log_group.gs_hack"
          ]
        }
      ]
    },
    {
      "mode": "managed",
      "type": "aws_ecs_task_definition",
      "name": "gs_hack_finnproducts",
      "provider": "provider[\"registry.terraform.io/hashicorp/aws\"]",
      "instances": [
        {
          "schema_version": 1,
          "attributes": {
            "arn": "arn:aws:ecs:us-east-1:809247286407:task-definition/gs_hack_finnproducts:1",
            "container_definitions": "[{\"cpu\":0,\"environment\":[],\"essential\":true,\"image\":\"809247286407.dkr.ecr.us-east-1.amazonaws.com/gs_hack_finnproducts:latest\",\"logConfiguration\":{\"logDriver\":\"awslogs\",\"options\":{\"awslogs-group\":\"/hack/gs_hack\",\"awslogs-region\":\"us-east-1\",\"awslogs-stream-prefix\":\"ecs-api\"}},\"mountPoints\":[],\"name\":\"gs_hack_finnproducts\",\"portMappings\":[{\"containerPort\":8080,\"hostPort\":8080,\"protocol\":\"tcp\"}],\"readonlyRootFilesystem\":false,\"secrets\":[{\"name\":\"FINN_API_KEY\",\"valueFrom\":\"arn:aws:secretsmanager:us-east-1:809247286407:secret:GS_HACK_FINN_TOKEN-LO6g1S\"}],\"volumesFrom\":[]}]",
            "cpu": "256",
            "ephemeral_storage": [],
            "execution_role_arn": "arn:aws:iam::809247286407:role/ECS_EXECUTION",
            "family": "gs_hack_finnproducts",
            "id": "gs_hack_finnproducts",
            "inference_accelerator": [],
            "ipc_mode": "",
            "memory": "512",
            "network_mode": "awsvpc",
            "pid_mode": "",
            "placement_constraints": [],
            "proxy_configuration": [],
            "requires_compatibilities": [
              "FARGATE"
            ],
            "revision": 1,
            "tags": {},
            "tags_all": {},
            "task_role_arn": "arn:aws:iam::809247286407:role/ECS_TASK",
            "volume": []
          },
          "sensitive_attributes": [],
          "private": "eyJzY2hlbWFfdmVyc2lvbiI6IjEifQ==",
          "dependencies": [
            "aws_secretsmanager_secret.finn_token",
            "data.aws_iam_policy_document.ecs_tasks",
            "aws_cloudwatch_log_group.gs_hack",
            "aws_iam_role.execution_role",
            "aws_iam_role.task_role",
            "aws_kms_key.default"
          ]
        }
      ]
    },
    {
      "mode": "managed",
      "type": "aws_ecs_task_definition",
      "name": "gs_hack_user",
      "provider": "provider[\"registry.terraform.io/hashicorp/aws\"]",
      "instances": [
        {
          "schema_version": 1,
          "attributes": {
            "arn": "arn:aws:ecs:us-east-1:809247286407:task-definition/gs_hack_user:1",
            "container_definitions": "[{\"cpu\":0,\"environment\":[],\"essential\":true,\"image\":\"809247286407.dkr.ecr.us-east-1.amazonaws.com/gs_hack_user:latest\",\"logConfiguration\":{\"logDriver\":\"awslogs\",\"options\":{\"awslogs-group\":\"/hack/gs_hack\",\"awslogs-region\":\"us-east-1\",\"awslogs-stream-prefix\":\"ecs-api\"}},\"mountPoints\":[],\"name\":\"gs_hack_user\",\"portMappings\":[{\"containerPort\":8080,\"hostPort\":8080,\"protocol\":\"tcp\"}],\"readonlyRootFilesystem\":false,\"volumesFrom\":[]}]",
            "cpu": "256",
            "ephemeral_storage": [],
            "execution_role_arn": "arn:aws:iam::809247286407:role/ECS_EXECUTION",
            "family": "gs_hack_user",
            "id": "gs_hack_user",
            "inference_accelerator": [],
            "ipc_mode": "",
            "memory": "512",
            "network_mode": "awsvpc",
            "pid_mode": "",
            "placement_constraints": [],
            "proxy_configuration": [],
            "requires_compatibilities": [
              "FARGATE"
            ],
            "revision": 1,
            "tags": {},
            "tags_all": {},
            "task_role_arn": "arn:aws:iam::809247286407:role/ECS_TASK",
            "volume": []
          },
          "sensitive_attributes": [],
          "private": "eyJzY2hlbWFfdmVyc2lvbiI6IjEifQ==",
          "dependencies": [
            "aws_cloudwatch_log_group.gs_hack",
            "aws_iam_role.execution_role",
            "aws_iam_role.task_role",
            "data.aws_iam_policy_document.ecs_tasks"
          ]
        }
      ]
    },
    {
      "mode": "managed",
      "type": "aws_iam_policy",
      "name": "ecs_cluster",
      "provider": "provider[\"registry.terraform.io/hashicorp/aws\"]",
      "instances": [
        {
          "schema_version": 0,
          "attributes": {
            "arn": "arn:aws:iam::809247286407:policy/gs-cluster-policy",
            "description": "",
            "id": "arn:aws:iam::809247286407:policy/gs-cluster-policy",
            "name": "gs-cluster-policy",
            "name_prefix": null,
            "path": "/",
            "policy": "{\n  \"Version\": \"2012-10-17\",\n  \"Statement\": [\n    {\n      \"Sid\": \"DeployService\",\n      \"Effect\": \"Allow\",\n      \"Action\": [\n        \"ecs:UpdateService\",\n        \"ecs:DescribeTaskDefinition\",\n        \"ecs:DescribeServices\"\n      ],\n      \"Resource\": \"*\"\n    },\n    {\n      \"Sid\": \"RegisterTaskDefinition\",\n      \"Effect\": \"Allow\",\n      \"Action\": \"ecs:RegisterTaskDefinition\",\n      \"Resource\": \"*\"\n    },\n    {\n      \"Sid\": \"PassRolesInTaskDefinition\",\n      \"Effect\": \"Allow\",\n      \"Action\": \"iam:PassRole\",\n      \"Resource\": [\n        \"arn:aws:iam::809247286407:role/ECS_TASK\",\n        \"arn:aws:iam::809247286407:role/ECS_EXECUTION\"\n      ]\n    }\n  ]\n}",
            "policy_id": "ANPA3Y2XFUSDSX7GHULON",
            "tags": {},
            "tags_all": {}
          },
          "sensitive_attributes": [],
          "private": "bnVsbA==",
          "dependencies": [
            "aws_iam_role.execution_role",
            "aws_iam_role.task_role",
            "data.aws_iam_policy_document.ecs_cluster",
            "data.aws_iam_policy_document.ecs_tasks"
          ]
        }
      ]
    },
    {
      "mode": "managed",
      "type": "aws_iam_role",
      "name": "execution_role",
      "provider": "provider[\"registry.terraform.io/hashicorp/aws\"]",
      "instances": [
        {
          "schema_version": 0,
          "attributes": {
            "arn": "arn:aws:iam::809247286407:role/ECS_EXECUTION",
            "assume_role_policy": "{\"Version\":\"2012-10-17\",\"Statement\":[{\"Sid\":\"\",\"Effect\":\"Allow\",\"Principal\":{\"Service\":\"ecs-tasks.amazonaws.com\"},\"Action\":\"sts:AssumeRole\"}]}",
            "create_date": "2021-08-27T04:09:48Z",
            "description": "",
            "force_detach_policies": false,
            "id": "ECS_EXECUTION",
            "inline_policy": [
              {
                "name": "GS_HACK_EXECUTION_ROLE",
                "policy": "{\n  \"Version\": \"2012-10-17\",\n  \"Statement\": [\n    {\n      \"Sid\": \"\",\n      \"Effect\": \"Allow\",\n      \"Action\": [\n        \"logs:PutLogEvents\",\n        \"logs:CreateLogStream\",\n        \"ecs:UpdateContainerInstancesState\",\n        \"ecs:Submit*\",\n        \"ecs:StartTelemetrySession\",\n        \"ecs:RegisterContainerInstance\",\n        \"ecs:Poll\",\n        \"ecs:DiscoverPollEndpoint\",\n        \"ecs:DeregisterContainerInstance\",\n        \"ecr:GetDownloadUrlForLayer\",\n        \"ecr:GetAuthorizationToken\",\n        \"ecr:BatchGetImage\",\n        \"ecr:BatchCheckLayerAvailability\",\n        \"ec2:DescribeTags\"\n      ],\n      \"Resource\": \"*\"\n    },\n    {\n      \"Sid\": \"\",\n      \"Effect\": \"Allow\",\n      \"Action\": [\n        \"secretsmanager:GetSecretValue\",\n        \"kms:Decrypt\"\n      ],\n      \"Resource\": [\n        \"arn:aws:secretsmanager:us-east-1:809247286407:secret:GS_HACK_FINN_TOKEN-LO6g1S\",\n        \"arn:aws:kms:us-east-1:809247286407:key/365dbdf7-8076-497c-9873-84c20be5c36a\"\n      ]\n    },\n    {\n      \"Sid\": \"\",\n      \"Effect\": \"Allow\",\n      \"Action\": [\n        \"dynamodb:UpdateItem\",\n        \"dynamodb:Scan\",\n        \"dynamodb:Query\",\n        \"dynamodb:PutItem\",\n        \"dynamodb:GetItem\",\n        \"dynamodb:DeleteItem\",\n        \"dynamodb:BatchWriteItem\",\n        \"dynamodb:BatchGetItem\"\n      ],\n      \"Resource\": \"arn:aws:dynamodb:us-east-1:809247286407:table/gs-hack-user_db\"\n    }\n  ]\n}"
              }
            ],
            "managed_policy_arns": [],
            "max_session_duration": 3600,
            "name": "ECS_EXECUTION",
            "name_prefix": null,
            "path": "/",
            "permissions_boundary": null,
            "tags": {},
            "tags_all": {},
            "unique_id": "AROA3Y2XFUSDXS5P2MGER"
          },
          "sensitive_attributes": [],
          "private": "bnVsbA==",
          "dependencies": [
            "data.aws_iam_policy_document.ecs_tasks"
          ]
        }
      ]
    },
    {
      "mode": "managed",
      "type": "aws_iam_role",
      "name": "task_role",
      "provider": "provider[\"registry.terraform.io/hashicorp/aws\"]",
      "instances": [
        {
          "schema_version": 0,
          "attributes": {
            "arn": "arn:aws:iam::809247286407:role/ECS_TASK",
            "assume_role_policy": "{\"Version\":\"2012-10-17\",\"Statement\":[{\"Sid\":\"\",\"Effect\":\"Allow\",\"Principal\":{\"Service\":\"ecs-tasks.amazonaws.com\"},\"Action\":\"sts:AssumeRole\"}]}",
            "create_date": "2021-08-27T04:09:48Z",
            "description": "",
            "force_detach_policies": false,
            "id": "ECS_TASK",
            "inline_policy": [
              {
                "name": "GS_HACK_TASK_ROLE",
                "policy": "{\n  \"Version\": \"2012-10-17\",\n  \"Statement\": [\n    {\n      \"Sid\": \"\",\n      \"Effect\": \"Allow\",\n      \"Action\": [\n        \"logs:PutLogEvents\",\n        \"logs:CreateLogStream\",\n        \"ecs:UpdateContainerInstancesState\",\n        \"ecs:Submit*\",\n        \"ecs:StartTelemetrySession\",\n        \"ecs:RegisterContainerInstance\",\n        \"ecs:Poll\",\n        \"ecs:DiscoverPollEndpoint\",\n        \"ecs:DeregisterContainerInstance\",\n        \"ecr:GetDownloadUrlForLayer\",\n        \"ecr:GetAuthorizationToken\",\n        \"ecr:BatchGetImage\",\n        \"ecr:BatchCheckLayerAvailability\",\n        \"ec2:DescribeTags\"\n      ],\n      \"Resource\": \"*\"\n    },\n    {\n      \"Sid\": \"\",\n      \"Effect\": \"Allow\",\n      \"Action\": [\n        \"secretsmanager:GetSecretValue\",\n        \"kms:Decrypt\"\n      ],\n      \"Resource\": [\n        \"arn:aws:secretsmanager:us-east-1:809247286407:secret:GS_HACK_FINN_TOKEN-LO6g1S\",\n        \"arn:aws:kms:us-east-1:809247286407:key/365dbdf7-8076-497c-9873-84c20be5c36a\"\n      ]\n    },\n    {\n      \"Sid\": \"\",\n      \"Effect\": \"Allow\",\n      \"Action\": [\n        \"dynamodb:UpdateItem\",\n        \"dynamodb:Scan\",\n        \"dynamodb:Query\",\n        \"dynamodb:PutItem\",\n        \"dynamodb:GetItem\",\n        \"dynamodb:DeleteItem\",\n        \"dynamodb:BatchWriteItem\",\n        \"dynamodb:BatchGetItem\"\n      ],\n      \"Resource\": \"arn:aws:dynamodb:us-east-1:809247286407:table/gs-hack-user_db\"\n    }\n  ]\n}"
              }
            ],
            "managed_policy_arns": [],
            "max_session_duration": 3600,
            "name": "ECS_TASK",
            "name_prefix": null,
            "path": "/",
            "permissions_boundary": null,
            "tags": {},
            "tags_all": {},
            "unique_id": "AROA3Y2XFUSDRL73A6FJS"
          },
          "sensitive_attributes": [],
          "private": "bnVsbA==",
          "dependencies": [
            "data.aws_iam_policy_document.ecs_tasks"
          ]
        }
      ]
    },
    {
      "mode": "managed",
      "type": "aws_iam_role_policy",
      "name": "execution",
      "provider": "provider[\"registry.terraform.io/hashicorp/aws\"]",
      "instances": [
        {
          "schema_version": 0,
          "attributes": {
            "id": "ECS_EXECUTION:GS_HACK_EXECUTION_ROLE",
            "name": "GS_HACK_EXECUTION_ROLE",
            "name_prefix": null,
            "policy": "{\n  \"Version\": \"2012-10-17\",\n  \"Statement\": [\n    {\n      \"Sid\": \"\",\n      \"Effect\": \"Allow\",\n      \"Action\": [\n        \"logs:PutLogEvents\",\n        \"logs:CreateLogStream\",\n        \"ecs:UpdateContainerInstancesState\",\n        \"ecs:Submit*\",\n        \"ecs:StartTelemetrySession\",\n        \"ecs:RegisterContainerInstance\",\n        \"ecs:Poll\",\n        \"ecs:DiscoverPollEndpoint\",\n        \"ecs:DeregisterContainerInstance\",\n        \"ecr:GetDownloadUrlForLayer\",\n        \"ecr:GetAuthorizationToken\",\n        \"ecr:BatchGetImage\",\n        \"ecr:BatchCheckLayerAvailability\",\n        \"ec2:DescribeTags\"\n      ],\n      \"Resource\": \"*\"\n    },\n    {\n      \"Sid\": \"\",\n      \"Effect\": \"Allow\",\n      \"Action\": [\n        \"secretsmanager:GetSecretValue\",\n        \"kms:Decrypt\"\n      ],\n      \"Resource\": [\n        \"arn:aws:secretsmanager:us-east-1:809247286407:secret:GS_HACK_FINN_TOKEN-LO6g1S\",\n        \"arn:aws:kms:us-east-1:809247286407:key/365dbdf7-8076-497c-9873-84c20be5c36a\"\n      ]\n    },\n    {\n      \"Sid\": \"\",\n      \"Effect\": \"Allow\",\n      \"Action\": [\n        \"dynamodb:UpdateItem\",\n        \"dynamodb:Scan\",\n        \"dynamodb:Query\",\n        \"dynamodb:PutItem\",\n        \"dynamodb:GetItem\",\n        \"dynamodb:DeleteItem\",\n        \"dynamodb:BatchWriteItem\",\n        \"dynamodb:BatchGetItem\"\n      ],\n      \"Resource\": \"arn:aws:dynamodb:us-east-1:809247286407:table/gs-hack-user_db\"\n    }\n  ]\n}",
            "role": "ECS_EXECUTION"
          },
          "sensitive_attributes": [],
          "private": "bnVsbA==",
          "dependencies": [
            "aws_secretsmanager_secret.finn_token",
            "data.aws_iam_policy_document.ecs_tasks",
            "data.aws_iam_policy_document.execution",
            "module.dynamo_user_db.aws_dynamodb_table.this",
            "aws_iam_role.execution_role",
            "aws_kms_key.default"
          ]
        }
      ]
    },
    {
      "mode": "managed",
      "type": "aws_iam_role_policy",
      "name": "task",
      "provider": "provider[\"registry.terraform.io/hashicorp/aws\"]",
      "instances": [
        {
          "schema_version": 0,
          "attributes": {
            "id": "ECS_TASK:GS_HACK_TASK_ROLE",
            "name": "GS_HACK_TASK_ROLE",
            "name_prefix": null,
            "policy": "{\n  \"Version\": \"2012-10-17\",\n  \"Statement\": [\n    {\n      \"Sid\": \"\",\n      \"Effect\": \"Allow\",\n      \"Action\": [\n        \"logs:PutLogEvents\",\n        \"logs:CreateLogStream\",\n        \"ecs:UpdateContainerInstancesState\",\n        \"ecs:Submit*\",\n        \"ecs:StartTelemetrySession\",\n        \"ecs:RegisterContainerInstance\",\n        \"ecs:Poll\",\n        \"ecs:DiscoverPollEndpoint\",\n        \"ecs:DeregisterContainerInstance\",\n        \"ecr:GetDownloadUrlForLayer\",\n        \"ecr:GetAuthorizationToken\",\n        \"ecr:BatchGetImage\",\n        \"ecr:BatchCheckLayerAvailability\",\n        \"ec2:DescribeTags\"\n      ],\n      \"Resource\": \"*\"\n    },\n    {\n      \"Sid\": \"\",\n      \"Effect\": \"Allow\",\n      \"Action\": [\n        \"secretsmanager:GetSecretValue\",\n        \"kms:Decrypt\"\n      ],\n      \"Resource\": [\n        \"arn:aws:secretsmanager:us-east-1:809247286407:secret:GS_HACK_FINN_TOKEN-LO6g1S\",\n        \"arn:aws:kms:us-east-1:809247286407:key/365dbdf7-8076-497c-9873-84c20be5c36a\"\n      ]\n    },\n    {\n      \"Sid\": \"\",\n      \"Effect\": \"Allow\",\n      \"Action\": [\n        \"dynamodb:UpdateItem\",\n        \"dynamodb:Scan\",\n        \"dynamodb:Query\",\n        \"dynamodb:PutItem\",\n        \"dynamodb:GetItem\",\n        \"dynamodb:DeleteItem\",\n        \"dynamodb:BatchWriteItem\",\n        \"dynamodb:BatchGetItem\"\n      ],\n      \"Resource\": \"arn:aws:dynamodb:us-east-1:809247286407:table/gs-hack-user_db\"\n    }\n  ]\n}",
            "role": "ECS_TASK"
          },
          "sensitive_attributes": [],
          "private": "bnVsbA==",
          "dependencies": [
            "module.dynamo_user_db.aws_dynamodb_table.this",
            "aws_iam_role.task_role",
            "aws_kms_key.default",
            "aws_secretsmanager_secret.finn_token",
            "data.aws_iam_policy_document.ecs_tasks",
            "data.aws_iam_policy_document.execution"
          ]
        }
      ]
    },
    {
      "mode": "managed",
      "type": "aws_kms_key",
      "name": "default",
      "provider": "provider[\"registry.terraform.io/hashicorp/aws\"]",
      "instances": [
        {
          "schema_version": 0,
          "attributes": {
            "arn": "arn:aws:kms:us-east-1:809247286407:key/365dbdf7-8076-497c-9873-84c20be5c36a",
            "bypass_policy_lockout_safety_check": false,
            "customer_master_key_spec": "SYMMETRIC_DEFAULT",
            "deletion_window_in_days": 7,
            "description": "Default Key",
            "enable_key_rotation": false,
            "id": "365dbdf7-8076-497c-9873-84c20be5c36a",
            "is_enabled": true,
            "key_id": "365dbdf7-8076-497c-9873-84c20be5c36a",
            "key_usage": "ENCRYPT_DECRYPT",
            "policy": "{\"Id\":\"key-default-1\",\"Statement\":[{\"Action\":\"kms:*\",\"Effect\":\"Allow\",\"Principal\":{\"AWS\":\"arn:aws:iam::809247286407:root\"},\"Resource\":\"*\",\"Sid\":\"Enable IAM User Permissions\"}],\"Version\":\"2012-10-17\"}",
            "tags": {},
            "tags_all": {}
          },
          "sensitive_attributes": [],
          "private": "bnVsbA=="
        }
      ]
    },
    {
      "mode": "managed",
      "type": "aws_lb_listener_rule",
      "name": "gs_hack_education",
      "provider": "provider[\"registry.terraform.io/hashicorp/aws\"]",
      "instances": [
        {
          "schema_version": 0,
          "attributes": {
            "action": [
              {
                "authenticate_cognito": [],
                "authenticate_oidc": [],
                "fixed_response": [],
                "forward": [],
                "order": 1,
                "redirect": [],
                "target_group_arn": "arn:aws:elasticloadbalancing:us-east-1:809247286407:targetgroup/edu20210827051331313300000002/2dae98e1492b18b9",
                "type": "forward"
              }
            ],
            "arn": "arn:aws:elasticloadbalancing:us-east-1:809247286407:listener-rule/app/gs-hack-gs-lb/4cca6fc5e585b675/ebb5ba4a134e248c/84b5e4caa7cf4e34",
            "condition": [
              {
                "host_header": [],
                "http_header": [],
                "http_request_method": [],
                "path_pattern": [
                  {
                    "values": [
                      "/edu/*"
                    ]
                  }
                ],
                "query_string": [],
                "source_ip": []
              }
            ],
            "id": "arn:aws:elasticloadbalancing:us-east-1:809247286407:listener-rule/app/gs-hack-gs-lb/4cca6fc5e585b675/ebb5ba4a134e248c/84b5e4caa7cf4e34",
            "listener_arn": "arn:aws:elasticloadbalancing:us-east-1:809247286407:listener/app/gs-hack-gs-lb/4cca6fc5e585b675/ebb5ba4a134e248c",
            "priority": 1,
            "tags": {},
            "tags_all": {}
          },
          "sensitive_attributes": [],
          "private": "bnVsbA==",
          "dependencies": [
            "module.vpc.aws_vpc.this",
            "module.vpc.aws_vpc_ipv4_cidr_block_association.this",
            "aws_acm_certificate.api",
            "aws_acm_certificate_validation.api_cert",
            "aws_route53_record.api_cert_validation",
            "aws_route53_zone.gs_hack",
            "module.lb.aws_lb.this",
            "module.lb.aws_lb_target_group.main",
            "aws_security_group.alb_sg",
            "module.lb.aws_lb_listener.frontend_https",
            "module.vpc.aws_subnet.public"
          ]
        }
      ]
    },
    {
      "mode": "managed",
      "type": "aws_lb_listener_rule",
      "name": "gs_hack_finnproducts",
      "provider": "provider[\"registry.terraform.io/hashicorp/aws\"]",
      "instances": [
        {
          "schema_version": 0,
          "attributes": {
            "action": [
              {
                "authenticate_cognito": [],
                "authenticate_oidc": [],
                "fixed_response": [],
                "forward": [],
                "order": 1,
                "redirect": [],
                "target_group_arn": "arn:aws:elasticloadbalancing:us-east-1:809247286407:targetgroup/finn20210827051331314300000003/e33efb5f50ebab11",
                "type": "forward"
              }
            ],
            "arn": "arn:aws:elasticloadbalancing:us-east-1:809247286407:listener-rule/app/gs-hack-gs-lb/4cca6fc5e585b675/ebb5ba4a134e248c/629d896d2684233e",
            "condition": [
              {
                "host_header": [],
                "http_header": [],
                "http_request_method": [],
                "path_pattern": [
                  {
                    "values": [
                      "/finn/*"
                    ]
                  }
                ],
                "query_string": [],
                "source_ip": []
              }
            ],
            "id": "arn:aws:elasticloadbalancing:us-east-1:809247286407:listener-rule/app/gs-hack-gs-lb/4cca6fc5e585b675/ebb5ba4a134e248c/629d896d2684233e",
            "listener_arn": "arn:aws:elasticloadbalancing:us-east-1:809247286407:listener/app/gs-hack-gs-lb/4cca6fc5e585b675/ebb5ba4a134e248c",
            "priority": 3,
            "tags": {},
            "tags_all": {}
          },
          "sensitive_attributes": [],
          "private": "bnVsbA==",
          "dependencies": [
            "aws_security_group.alb_sg",
            "module.lb.aws_lb_target_group.main",
            "module.vpc.aws_vpc.this",
            "aws_acm_certificate.api",
            "aws_acm_certificate_validation.api_cert",
            "module.lb.aws_lb.this",
            "module.lb.aws_lb_listener.frontend_https",
            "module.vpc.aws_subnet.public",
            "module.vpc.aws_vpc_ipv4_cidr_block_association.this",
            "aws_route53_record.api_cert_validation",
            "aws_route53_zone.gs_hack"
          ]
        }
      ]
    },
    {
      "mode": "managed",
      "type": "aws_lb_listener_rule",
      "name": "gs_hack_user",
      "provider": "provider[\"registry.terraform.io/hashicorp/aws\"]",
      "instances": [
        {
          "schema_version": 0,
          "attributes": {
            "action": [
              {
                "authenticate_cognito": [],
                "authenticate_oidc": [],
                "fixed_response": [],
                "forward": [],
                "order": 1,
                "redirect": [],
                "target_group_arn": "arn:aws:elasticloadbalancing:us-east-1:809247286407:targetgroup/user20210827051331311300000001/727da9387d6ec13d",
                "type": "forward"
              }
            ],
            "arn": "arn:aws:elasticloadbalancing:us-east-1:809247286407:listener-rule/app/gs-hack-gs-lb/4cca6fc5e585b675/ebb5ba4a134e248c/8b037eb44d5faf0d",
            "condition": [
              {
                "host_header": [],
                "http_header": [],
                "http_request_method": [],
                "path_pattern": [
                  {
                    "values": [
                      "/user/*"
                    ]
                  }
                ],
                "query_string": [],
                "source_ip": []
              }
            ],
            "id": "arn:aws:elasticloadbalancing:us-east-1:809247286407:listener-rule/app/gs-hack-gs-lb/4cca6fc5e585b675/ebb5ba4a134e248c/8b037eb44d5faf0d",
            "listener_arn": "arn:aws:elasticloadbalancing:us-east-1:809247286407:listener/app/gs-hack-gs-lb/4cca6fc5e585b675/ebb5ba4a134e248c",
            "priority": 2,
            "tags": {},
            "tags_all": {}
          },
          "sensitive_attributes": [],
          "private": "bnVsbA==",
          "dependencies": [
            "module.lb.aws_lb_listener.frontend_https",
            "module.lb.aws_lb_target_group.main",
            "module.vpc.aws_vpc.this",
            "aws_acm_certificate_validation.api_cert",
            "aws_route53_record.api_cert_validation",
            "aws_security_group.alb_sg",
            "module.vpc.aws_subnet.public",
            "module.vpc.aws_vpc_ipv4_cidr_block_association.this",
            "aws_acm_certificate.api",
            "aws_route53_zone.gs_hack",
            "module.lb.aws_lb.this"
          ]
        }
      ]
    },
    {
      "mode": "managed",
      "type": "aws_route53_record",
      "name": "api_cert_validation",
      "provider": "provider[\"registry.terraform.io/hashicorp/aws\"]",
      "instances": [
        {
          "index_key": "api.gs-maverick-finance.tech",
          "schema_version": 2,
          "attributes": {
            "alias": [],
            "allow_overwrite": true,
            "failover_routing_policy": [],
            "fqdn": "_2e325c76a2f8623cabe30a8a7519b684.api.gs-maverick-finance.tech",
            "geolocation_routing_policy": [],
            "health_check_id": "",
            "id": "Z04945611JY521TNCBM1O__2e325c76a2f8623cabe30a8a7519b684.api.gs-maverick-finance.tech._CNAME",
            "latency_routing_policy": [],
            "multivalue_answer_routing_policy": null,
            "name": "_2e325c76a2f8623cabe30a8a7519b684.api.gs-maverick-finance.tech",
            "records": [
              "_df186e307b1b1f77562fb102fe6d6975.ymrbdtpxcr.acm-validations.aws."
            ],
            "set_identifier": "",
            "ttl": 60,
            "type": "CNAME",
            "weighted_routing_policy": [],
            "zone_id": "Z04945611JY521TNCBM1O"
          },
          "sensitive_attributes": [],
          "private": "eyJzY2hlbWFfdmVyc2lvbiI6IjIifQ==",
          "dependencies": [
            "aws_acm_certificate.api",
            "aws_route53_zone.gs_hack"
          ]
        }
      ]
    },
    {
      "mode": "managed",
      "type": "aws_route53_record",
      "name": "auth_cert_validation",
      "provider": "provider[\"registry.terraform.io/hashicorp/aws\"]",
      "instances": [
        {
          "index_key": "auth.gs-maverick-finance.tech",
          "schema_version": 2,
          "attributes": {
            "alias": [],
            "allow_overwrite": true,
            "failover_routing_policy": [],
            "fqdn": "_518eea8584234110a9202492fed31a3a.auth.gs-maverick-finance.tech",
            "geolocation_routing_policy": [],
            "health_check_id": "",
            "id": "Z04945611JY521TNCBM1O__518eea8584234110a9202492fed31a3a.auth.gs-maverick-finance.tech._CNAME",
            "latency_routing_policy": [],
            "multivalue_answer_routing_policy": null,
            "name": "_518eea8584234110a9202492fed31a3a.auth.gs-maverick-finance.tech",
            "records": [
              "_e29e94addad5f31b1ec4e8c0410a5a46.ymrbdtpxcr.acm-validations.aws."
            ],
            "set_identifier": "",
            "ttl": 60,
            "type": "CNAME",
            "weighted_routing_policy": [],
            "zone_id": "Z04945611JY521TNCBM1O"
          },
          "sensitive_attributes": [],
          "private": "eyJzY2hlbWFfdmVyc2lvbiI6IjIifQ==",
          "dependencies": [
            "aws_acm_certificate.auth",
            "aws_route53_zone.gs_hack"
          ]
        }
      ]
    },
    {
      "mode": "managed",
      "type": "aws_route53_record",
      "name": "web",
      "provider": "provider[\"registry.terraform.io/hashicorp/aws\"]",
      "instances": [
        {
          "schema_version": 2,
          "attributes": {
            "alias": [
              {
                "evaluate_target_health": false,
                "name": "gs-hack-gs-lb-595030492.us-east-1.elb.amazonaws.com",
                "zone_id": "Z35SXDOTRQ7X7K"
              }
            ],
            "allow_overwrite": null,
            "failover_routing_policy": [],
            "fqdn": "api.gs-maverick-finance.tech",
            "geolocation_routing_policy": [],
            "health_check_id": "",
            "id": "Z04945611JY521TNCBM1O_api.gs-maverick-finance.tech_A",
            "latency_routing_policy": [],
            "multivalue_answer_routing_policy": null,
            "name": "api.gs-maverick-finance.tech",
            "records": [],
            "set_identifier": "",
            "ttl": 0,
            "type": "A",
            "weighted_routing_policy": [],
            "zone_id": "Z04945611JY521TNCBM1O"
          },
          "sensitive_attributes": [],
          "private": "eyJzY2hlbWFfdmVyc2lvbiI6IjIifQ==",
          "dependencies": [
            "aws_route53_zone.gs_hack",
            "aws_security_group.alb_sg",
            "module.lb.aws_lb.this",
            "module.vpc.aws_subnet.public",
            "module.vpc.aws_vpc.this",
            "module.vpc.aws_vpc_ipv4_cidr_block_association.this"
          ]
        }
      ]
    },
    {
      "mode": "managed",
      "type": "aws_route53_record",
      "name": "web_cert_validation",
      "provider": "provider[\"registry.terraform.io/hashicorp/aws\"]",
      "instances": [
        {
          "index_key": "gs-maverick-finance.tech",
          "schema_version": 2,
          "attributes": {
            "alias": [],
            "allow_overwrite": true,
            "failover_routing_policy": [],
            "fqdn": "_bf30fba8b53371c20c2760fcc0c4bab8.gs-maverick-finance.tech",
            "geolocation_routing_policy": [],
            "health_check_id": "",
            "id": "Z04945611JY521TNCBM1O__bf30fba8b53371c20c2760fcc0c4bab8.gs-maverick-finance.tech._CNAME",
            "latency_routing_policy": [],
            "multivalue_answer_routing_policy": null,
            "name": "_bf30fba8b53371c20c2760fcc0c4bab8.gs-maverick-finance.tech",
            "records": [
              "_f5c64c5c898fde79a1cc142332aefa92.ymrbdtpxcr.acm-validations.aws."
            ],
            "set_identifier": "",
            "ttl": 60,
            "type": "CNAME",
            "weighted_routing_policy": [],
            "zone_id": "Z04945611JY521TNCBM1O"
          },
          "sensitive_attributes": [],
          "private": "eyJzY2hlbWFfdmVyc2lvbiI6IjIifQ==",
          "dependencies": [
            "aws_acm_certificate.web",
            "aws_route53_zone.gs_hack"
          ]
        }
      ]
    },
    {
      "mode": "managed",
      "type": "aws_route53_zone",
      "name": "gs_hack",
      "provider": "provider[\"registry.terraform.io/hashicorp/aws\"]",
      "instances": [
        {
          "schema_version": 0,
          "attributes": {
            "arn": "arn:aws:route53:::hostedzone/Z04945611JY521TNCBM1O",
            "comment": "Managed by Terraform",
            "delegation_set_id": "",
            "force_destroy": true,
            "id": "Z04945611JY521TNCBM1O",
            "name": "gs-maverick-finance.tech",
            "name_servers": [
              "ns-139.awsdns-17.com",
              "ns-1413.awsdns-48.org",
              "ns-1596.awsdns-07.co.uk",
              "ns-599.awsdns-10.net"
            ],
            "tags": {},
            "tags_all": {},
            "vpc": [],
            "zone_id": "Z04945611JY521TNCBM1O"
          },
          "sensitive_attributes": [],
          "private": "bnVsbA=="
        }
      ]
    },
    {
      "mode": "managed",
      "type": "aws_secretsmanager_secret",
      "name": "finn_token",
      "provider": "provider[\"registry.terraform.io/hashicorp/aws\"]",
      "instances": [
        {
          "schema_version": 0,
          "attributes": {
            "arn": "arn:aws:secretsmanager:us-east-1:809247286407:secret:GS_HACK_FINN_TOKEN-LO6g1S",
            "description": "",
            "force_overwrite_replica_secret": false,
            "id": "arn:aws:secretsmanager:us-east-1:809247286407:secret:GS_HACK_FINN_TOKEN-LO6g1S",
            "kms_key_id": "365dbdf7-8076-497c-9873-84c20be5c36a",
            "name": "GS_HACK_FINN_TOKEN",
            "name_prefix": null,
            "policy": null,
            "recovery_window_in_days": 30,
            "replica": [],
            "rotation_enabled": false,
            "rotation_lambda_arn": "",
            "rotation_rules": [],
            "tags": {},
            "tags_all": {}
          },
          "sensitive_attributes": [],
          "private": "bnVsbA==",
          "dependencies": [
            "aws_kms_key.default"
          ]
        }
      ]
    },
    {
      "mode": "managed",
      "type": "aws_secretsmanager_secret",
      "name": "news_api_key",
      "provider": "provider[\"registry.terraform.io/hashicorp/aws\"]",
      "instances": [
        {
          "schema_version": 0,
          "attributes": {
            "arn": "arn:aws:secretsmanager:us-east-1:809247286407:secret:GS_HACK_NEWS_API_KEY-CtNbn1",
            "description": "",
            "force_overwrite_replica_secret": false,
            "id": "arn:aws:secretsmanager:us-east-1:809247286407:secret:GS_HACK_NEWS_API_KEY-CtNbn1",
            "kms_key_id": "365dbdf7-8076-497c-9873-84c20be5c36a",
            "name": "GS_HACK_NEWS_API_KEY",
            "name_prefix": null,
            "policy": null,
            "recovery_window_in_days": 30,
            "replica": [],
            "rotation_enabled": false,
            "rotation_lambda_arn": "",
            "rotation_rules": [],
            "tags": {},
            "tags_all": {}
          },
          "sensitive_attributes": [],
          "private": "bnVsbA==",
          "dependencies": [
            "aws_kms_key.default"
          ]
        }
      ]
    },
    {
      "mode": "managed",
      "type": "aws_secretsmanager_secret_version",
      "name": "finn_token",
      "provider": "provider[\"registry.terraform.io/hashicorp/aws\"]",
      "instances": [
        {
          "schema_version": 0,
          "attributes": {
            "arn": "arn:aws:secretsmanager:us-east-1:809247286407:secret:GS_HACK_FINN_TOKEN-LO6g1S",
            "id": "arn:aws:secretsmanager:us-east-1:809247286407:secret:GS_HACK_FINN_TOKEN-LO6g1S|63223951-5669-40A6-ABFB-C97FDD7C5ADD",
            "secret_binary": "",
            "secret_id": "arn:aws:secretsmanager:us-east-1:809247286407:secret:GS_HACK_FINN_TOKEN-LO6g1S",
            "secret_string": "\u003cINSERT FINNHUB TOKEN HERE\u003e",
            "version_id": "63223951-5669-40A6-ABFB-C97FDD7C5ADD",
            "version_stages": [
              "AWSPREVIOUS"
            ]
          },
          "sensitive_attributes": [],
          "private": "bnVsbA==",
          "dependencies": [
            "aws_kms_key.default",
            "aws_secretsmanager_secret.finn_token"
          ]
        }
      ]
    },
    {
      "mode": "managed",
      "type": "aws_secretsmanager_secret_version",
      "name": "news_api_key",
      "provider": "provider[\"registry.terraform.io/hashicorp/aws\"]",
      "instances": [
        {
          "schema_version": 0,
          "attributes": {
            "arn": "arn:aws:secretsmanager:us-east-1:809247286407:secret:GS_HACK_NEWS_API_KEY-CtNbn1",
            "id": "arn:aws:secretsmanager:us-east-1:809247286407:secret:GS_HACK_NEWS_API_KEY-CtNbn1|56B05534-8597-48B4-B542-A8CBC7FF7B8F",
            "secret_binary": "",
            "secret_id": "arn:aws:secretsmanager:us-east-1:809247286407:secret:GS_HACK_NEWS_API_KEY-CtNbn1",
            "secret_string": "\u003cINSERT NEWSHUB TOKEN HERE\u003e",
            "version_id": "56B05534-8597-48B4-B542-A8CBC7FF7B8F",
            "version_stages": [
              "AWSPREVIOUS"
            ]
          },
          "sensitive_attributes": [],
          "private": "bnVsbA==",
          "dependencies": [
            "aws_kms_key.default",
            "aws_secretsmanager_secret.news_api_key"
          ]
        }
      ]
    },
    {
      "mode": "managed",
      "type": "aws_security_group",
      "name": "alb_sg",
      "provider": "provider[\"registry.terraform.io/hashicorp/aws\"]",
      "instances": [
        {
          "schema_version": 1,
          "attributes": {
            "arn": "arn:aws:ec2:us-east-1:809247286407:security-group/sg-04c95215847439012",
            "description": "Allow all inbound traffic",
            "egress": [
              {
                "cidr_blocks": [
                  "0.0.0.0/0"
                ],
                "description": "All traffic out",
                "from_port": 0,
                "ipv6_cidr_blocks": [],
                "prefix_list_ids": [],
                "protocol": "-1",
                "security_groups": [],
                "self": false,
                "to_port": 0
              }
            ],
            "id": "sg-04c95215847439012",
            "ingress": [
              {
                "cidr_blocks": [
                  "0.0.0.0/0"
                ],
                "description": "HTTP Access",
                "from_port": 80,
                "ipv6_cidr_blocks": [],
                "prefix_list_ids": [],
                "protocol": "tcp",
                "security_groups": [],
                "self": false,
                "to_port": 80
              },
              {
                "cidr_blocks": [
                  "0.0.0.0/0"
                ],
                "description": "HTTPS Access",
                "from_port": 443,
                "ipv6_cidr_blocks": [],
                "prefix_list_ids": [],
                "protocol": "tcp",
                "security_groups": [],
                "self": false,
                "to_port": 443
              }
            ],
            "name": "gs-hack-alb_sg",
            "name_prefix": "",
            "owner_id": "809247286407",
            "revoke_rules_on_delete": false,
            "tags": {
              "Name": "gs-hack-alb_sg"
            },
            "tags_all": {
              "Name": "gs-hack-alb_sg"
            },
            "timeouts": null,
            "vpc_id": "vpc-08c3c16207273649a"
          },
          "sensitive_attributes": [],
          "private": "eyJlMmJmYjczMC1lY2FhLTExZTYtOGY4OC0zNDM2M2JjN2M0YzAiOnsiY3JlYXRlIjo2MDAwMDAwMDAwMDAsImRlbGV0ZSI6OTAwMDAwMDAwMDAwfSwic2NoZW1hX3ZlcnNpb24iOiIxIn0=",
          "dependencies": [
            "module.vpc.aws_vpc.this"
          ],
          "create_before_destroy": true
        }
      ]
    },
    {
      "mode": "managed",
      "type": "aws_security_group",
      "name": "allow_ssh_pub",
      "provider": "provider[\"registry.terraform.io/hashicorp/aws\"]",
      "instances": [
        {
          "schema_version": 1,
          "attributes": {
            "arn": "arn:aws:ec2:us-east-1:809247286407:security-group/sg-0cc6008d71e09693b",
            "description": "Allow SSH inbound traffic",
            "egress": [
              {
                "cidr_blocks": [
                  "0.0.0.0/0"
                ],
                "description": "All traffic out",
                "from_port": 0,
                "ipv6_cidr_blocks": [],
                "prefix_list_ids": [],
                "protocol": "-1",
                "security_groups": [],
                "self": false,
                "to_port": 0
              }
            ],
            "id": "sg-0cc6008d71e09693b",
            "ingress": [
              {
                "cidr_blocks": [
                  "0.0.0.0/0"
                ],
                "description": "SSH from the internet",
                "from_port": 22,
                "ipv6_cidr_blocks": [],
                "prefix_list_ids": [],
                "protocol": "tcp",
                "security_groups": [],
                "self": false,
                "to_port": 22
              }
            ],
            "name": "gs-hack-allow_ssh",
            "name_prefix": "",
            "owner_id": "809247286407",
            "revoke_rules_on_delete": false,
            "tags": {
              "Name": "gs-hack-allow_ssh_pub"
            },
            "tags_all": {
              "Name": "gs-hack-allow_ssh_pub"
            },
            "timeouts": null,
            "vpc_id": "vpc-08c3c16207273649a"
          },
          "sensitive_attributes": [],
          "private": "eyJlMmJmYjczMC1lY2FhLTExZTYtOGY4OC0zNDM2M2JjN2M0YzAiOnsiY3JlYXRlIjo2MDAwMDAwMDAwMDAsImRlbGV0ZSI6OTAwMDAwMDAwMDAwfSwic2NoZW1hX3ZlcnNpb24iOiIxIn0=",
          "dependencies": [
            "module.vpc.aws_vpc.this"
          ]
        }
      ]
    },
    {
      "mode": "managed",
      "type": "aws_security_group",
      "name": "cluster_entry",
      "provider": "provider[\"registry.terraform.io/hashicorp/aws\"]",
      "instances": [
        {
          "schema_version": 1,
          "attributes": {
            "arn": "arn:aws:ec2:us-east-1:809247286407:security-group/sg-0f16161bc0582a7d7",
            "description": "Allow SSH and ALB inbound traffic",
            "egress": [
              {
                "cidr_blocks": [
                  "0.0.0.0/0"
                ],
                "description": "All traffic out",
                "from_port": 0,
                "ipv6_cidr_blocks": [],
                "prefix_list_ids": [],
                "protocol": "-1",
                "security_groups": [],
                "self": false,
                "to_port": 0
              }
            ],
            "id": "sg-0f16161bc0582a7d7",
            "ingress": [
              {
                "cidr_blocks": [],
                "description": "Container Port from LB",
                "from_port": 8080,
                "ipv6_cidr_blocks": [],
                "prefix_list_ids": [],
                "protocol": "tcp",
                "security_groups": [
                  "sg-04c95215847439012"
                ],
                "self": false,
                "to_port": 8080
              },
              {
                "cidr_blocks": [],
                "description": "HTTP from LB",
                "from_port": 80,
                "ipv6_cidr_blocks": [],
                "prefix_list_ids": [],
                "protocol": "tcp",
                "security_groups": [
                  "sg-04c95215847439012"
                ],
                "self": false,
                "to_port": 80
              },
              {
                "cidr_blocks": [],
                "description": "HTTPS from LB",
                "from_port": 22,
                "ipv6_cidr_blocks": [],
                "prefix_list_ids": [],
                "protocol": "tcp",
                "security_groups": [
                  "sg-0cc6008d71e09693b"
                ],
                "self": false,
                "to_port": 22
              }
            ],
            "name": "gs-hack-cluster_entry",
            "name_prefix": "",
            "owner_id": "809247286407",
            "revoke_rules_on_delete": false,
            "tags": {
              "Name": "gs-hack-cluster_entry"
            },
            "tags_all": {
              "Name": "gs-hack-cluster_entry"
            },
            "timeouts": null,
            "vpc_id": "vpc-08c3c16207273649a"
          },
          "sensitive_attributes": [],
          "private": "eyJlMmJmYjczMC1lY2FhLTExZTYtOGY4OC0zNDM2M2JjN2M0YzAiOnsiY3JlYXRlIjo2MDAwMDAwMDAwMDAsImRlbGV0ZSI6OTAwMDAwMDAwMDAwfSwic2NoZW1hX3ZlcnNpb24iOiIxIn0=",
          "dependencies": [
            "aws_security_group.allow_ssh_pub",
            "module.vpc.aws_vpc.this",
            "aws_security_group.alb_sg"
          ]
        }
      ]
    },
    {
      "mode": "managed",
      "type": "aws_security_group",
      "name": "private_from_bastion",
      "provider": "provider[\"registry.terraform.io/hashicorp/aws\"]",
      "instances": [
        {
          "schema_version": 1,
          "attributes": {
            "arn": "arn:aws:ec2:us-east-1:809247286407:security-group/sg-04f58a2767ec85246",
            "description": "Allow all inbound traffic from bastion",
            "egress": [
              {
                "cidr_blocks": [
                  "0.0.0.0/0"
                ],
                "description": "",
                "from_port": 0,
                "ipv6_cidr_blocks": [],
                "prefix_list_ids": [],
                "protocol": "-1",
                "security_groups": [],
                "self": false,
                "to_port": 0
              }
            ],
            "id": "sg-04f58a2767ec85246",
            "ingress": [
              {
                "cidr_blocks": [],
                "description": "SSH only from internal VPC clients",
                "from_port": 22,
                "ipv6_cidr_blocks": [],
                "prefix_list_ids": [],
                "protocol": "tcp",
                "security_groups": [
                  "sg-0cc6008d71e09693b"
                ],
                "self": false,
                "to_port": 22
              }
            ],
            "name": "gs-hack-private_from_bastion",
            "name_prefix": "",
            "owner_id": "809247286407",
            "revoke_rules_on_delete": false,
            "tags": {
              "Name": "gs-hack-private_from_bastion"
            },
            "tags_all": {
              "Name": "gs-hack-private_from_bastion"
            },
            "timeouts": null,
            "vpc_id": "vpc-08c3c16207273649a"
          },
          "sensitive_attributes": [],
          "private": "eyJlMmJmYjczMC1lY2FhLTExZTYtOGY4OC0zNDM2M2JjN2M0YzAiOnsiY3JlYXRlIjo2MDAwMDAwMDAwMDAsImRlbGV0ZSI6OTAwMDAwMDAwMDAwfSwic2NoZW1hX3ZlcnNpb24iOiIxIn0=",
          "dependencies": [
            "aws_security_group.allow_ssh_pub",
            "module.vpc.aws_vpc.this"
          ]
        }
      ]
    },
    {
      "mode": "managed",
      "type": "aws_security_group",
      "name": "ssm_private",
      "provider": "provider[\"registry.terraform.io/hashicorp/aws\"]",
      "instances": [
        {
          "schema_version": 1,
          "attributes": {
            "arn": "arn:aws:ec2:us-east-1:809247286407:security-group/sg-0c95998bdae389aba",
            "description": "Allow SSH and ALB inbound traffic",
            "egress": [
              {
                "cidr_blocks": [
                  "0.0.0.0/0"
                ],
                "description": "All traffic out",
                "from_port": 0,
                "ipv6_cidr_blocks": [],
                "prefix_list_ids": [],
                "protocol": "-1",
                "security_groups": [],
                "self": false,
                "to_port": 0
              }
            ],
            "id": "sg-0c95998bdae389aba",
            "ingress": [
              {
                "cidr_blocks": [],
                "description": "HTTP to VPC Endpoint",
                "from_port": 80,
                "ipv6_cidr_blocks": [],
                "prefix_list_ids": [],
                "protocol": "tcp",
                "security_groups": [
                  "sg-0f16161bc0582a7d7"
                ],
                "self": false,
                "to_port": 80
              },
              {
                "cidr_blocks": [],
                "description": "HTTPS to VPC Endpoint",
                "from_port": 22,
                "ipv6_cidr_blocks": [],
                "prefix_list_ids": [],
                "protocol": "tcp",
                "security_groups": [
                  "sg-0f16161bc0582a7d7"
                ],
                "self": false,
                "to_port": 22
              }
            ],
            "name": "gs-hack-ssm_private",
            "name_prefix": "",
            "owner_id": "809247286407",
            "revoke_rules_on_delete": false,
            "tags": {
              "Name": "gs-hack-ssm_private"
            },
            "tags_all": {
              "Name": "gs-hack-ssm_private"
            },
            "timeouts": null,
            "vpc_id": "vpc-08c3c16207273649a"
          },
          "sensitive_attributes": [],
          "private": "eyJlMmJmYjczMC1lY2FhLTExZTYtOGY4OC0zNDM2M2JjN2M0YzAiOnsiY3JlYXRlIjo2MDAwMDAwMDAwMDAsImRlbGV0ZSI6OTAwMDAwMDAwMDAwfSwic2NoZW1hX3ZlcnNpb24iOiIxIn0=",
          "dependencies": [
            "aws_security_group.alb_sg",
            "aws_security_group.allow_ssh_pub",
            "aws_security_group.cluster_entry",
            "module.vpc.aws_vpc.this"
          ]
        }
      ]
    },
    {
      "mode": "managed",
      "type": "aws_service_discovery_private_dns_namespace",
      "name": "gs_hack",
      "provider": "provider[\"registry.terraform.io/hashicorp/aws\"]",
      "instances": [
        {
          "schema_version": 0,
          "attributes": {
            "arn": "arn:aws:servicediscovery:us-east-1:809247286407:namespace/ns-atztyvqcttythnse",
            "description": "",
            "hosted_zone": "Z09666992C1DK39BJ0XG8",
            "id": "ns-atztyvqcttythnse",
            "name": "services.gshack",
            "tags": {},
            "tags_all": {},
            "vpc": "vpc-08c3c16207273649a"
          },
          "sensitive_attributes": [],
          "private": "bnVsbA==",
          "dependencies": [
            "module.vpc.aws_vpc.this"
          ]
        }
      ]
    },
    {
      "mode": "managed",
      "type": "aws_service_discovery_service",
      "name": "finnedu",
      "provider": "provider[\"registry.terraform.io/hashicorp/aws\"]",
      "instances": [
        {
          "schema_version": 0,
          "attributes": {
            "arn": "arn:aws:servicediscovery:us-east-1:809247286407:service/srv-jg7lw7gemqmtlnzw",
            "description": "",
            "dns_config": [
              {
                "dns_records": [
                  {
                    "ttl": 10,
                    "type": "A"
                  }
                ],
                "namespace_id": "ns-atztyvqcttythnse",
                "routing_policy": "MULTIVALUE"
              }
            ],
            "health_check_config": [],
            "health_check_custom_config": [
              {
                "failure_threshold": 1
              }
            ],
            "id": "srv-jg7lw7gemqmtlnzw",
            "name": "finnedu",
            "namespace_id": "ns-atztyvqcttythnse",
            "tags": {},
            "tags_all": {}
          },
          "sensitive_attributes": [],
          "private": "bnVsbA==",
          "dependencies": [
            "aws_service_discovery_private_dns_namespace.gs_hack",
            "module.vpc.aws_vpc.this"
          ]
        }
      ]
    },
    {
      "mode": "managed",
      "type": "aws_service_discovery_service",
      "name": "finnproducts",
      "provider": "provider[\"registry.terraform.io/hashicorp/aws\"]",
      "instances": [
        {
          "schema_version": 0,
          "attributes": {
            "arn": "arn:aws:servicediscovery:us-east-1:809247286407:service/srv-usnu6ft2jh65oaiu",
            "description": "",
            "dns_config": [
              {
                "dns_records": [
                  {
                    "ttl": 10,
                    "type": "A"
                  }
                ],
                "namespace_id": "ns-atztyvqcttythnse",
                "routing_policy": "MULTIVALUE"
              }
            ],
            "health_check_config": [],
            "health_check_custom_config": [
              {
                "failure_threshold": 1
              }
            ],
            "id": "srv-usnu6ft2jh65oaiu",
            "name": "finnproducts",
            "namespace_id": "ns-atztyvqcttythnse",
            "tags": {},
            "tags_all": {}
          },
          "sensitive_attributes": [],
          "private": "bnVsbA==",
          "dependencies": [
            "aws_service_discovery_private_dns_namespace.gs_hack",
            "module.vpc.aws_vpc.this"
          ]
        }
      ]
    },
    {
      "mode": "managed",
      "type": "aws_service_discovery_service",
      "name": "finnusers",
      "provider": "provider[\"registry.terraform.io/hashicorp/aws\"]",
      "instances": [
        {
          "schema_version": 0,
          "attributes": {
            "arn": "arn:aws:servicediscovery:us-east-1:809247286407:service/srv-fxzgwart44a26yy3",
            "description": "",
            "dns_config": [
              {
                "dns_records": [
                  {
                    "ttl": 10,
                    "type": "A"
                  }
                ],
                "namespace_id": "ns-atztyvqcttythnse",
                "routing_policy": "MULTIVALUE"
              }
            ],
            "health_check_config": [],
            "health_check_custom_config": [
              {
                "failure_threshold": 1
              }
            ],
            "id": "srv-fxzgwart44a26yy3",
            "name": "finnusers",
            "namespace_id": "ns-atztyvqcttythnse",
            "tags": {},
            "tags_all": {}
          },
          "sensitive_attributes": [],
          "private": "bnVsbA==",
          "dependencies": [
            "aws_service_discovery_private_dns_namespace.gs_hack",
            "module.vpc.aws_vpc.this"
          ]
        }
      ]
    },
    {
      "mode": "managed",
      "type": "aws_vpc_endpoint",
      "name": "secret_manager",
      "provider": "provider[\"registry.terraform.io/hashicorp/aws\"]",
      "instances": [
        {
          "schema_version": 0,
          "attributes": {
            "arn": "arn:aws:ec2:us-east-1:809247286407:vpc-endpoint/vpce-07de4a857048a7ebb",
            "auto_accept": null,
            "cidr_blocks": [],
            "dns_entry": [],
            "id": "vpce-07de4a857048a7ebb",
            "network_interface_ids": [],
            "owner_id": "809247286407",
            "policy": "{\"Statement\":[{\"Action\":\"*\",\"Effect\":\"Allow\",\"Principal\":\"*\",\"Resource\":\"*\"}]}",
            "prefix_list_id": null,
            "private_dns_enabled": false,
            "requester_managed": false,
            "route_table_ids": [],
            "security_group_ids": [
              "sg-0c95998bdae389aba"
            ],
            "service_name": "com.amazonaws.us-east-1.secretsmanager",
            "state": "available",
            "subnet_ids": [],
            "tags": {},
            "tags_all": {},
            "timeouts": null,
            "vpc_endpoint_type": "Interface",
            "vpc_id": "vpc-08c3c16207273649a"
          },
          "sensitive_attributes": [],
          "private": "eyJlMmJmYjczMC1lY2FhLTExZTYtOGY4OC0zNDM2M2JjN2M0YzAiOnsiY3JlYXRlIjo2MDAwMDAwMDAwMDAsImRlbGV0ZSI6NjAwMDAwMDAwMDAwLCJ1cGRhdGUiOjYwMDAwMDAwMDAwMH19",
          "dependencies": [
            "aws_security_group.cluster_entry",
            "aws_security_group.ssm_private",
            "data.aws_vpc_endpoint_service.secret_manager",
            "module.vpc.aws_vpc.this",
            "aws_security_group.alb_sg",
            "aws_security_group.allow_ssh_pub"
          ]
        }
      ]
    },
    {
      "module": "module.dynamo_user_db",
      "mode": "managed",
      "type": "aws_appautoscaling_policy",
      "name": "table_read_policy",
      "provider": "provider[\"registry.terraform.io/hashicorp/aws\"]",
      "instances": [
        {
          "index_key": 0,
          "schema_version": 0,
          "attributes": {
            "arn": "arn:aws:autoscaling:us-east-1:809247286407:scalingPolicy:767b6303-989b-4ee0-935b-0e31e0d152a6:resource/dynamodb/table/gs-hack-user_db:policyName/DynamoDBReadCapacityUtilization:table/gs-hack-user_db",
            "id": "DynamoDBReadCapacityUtilization:table/gs-hack-user_db",
            "name": "DynamoDBReadCapacityUtilization:table/gs-hack-user_db",
            "policy_type": "TargetTrackingScaling",
            "resource_id": "table/gs-hack-user_db",
            "scalable_dimension": "dynamodb:table:ReadCapacityUnits",
            "service_namespace": "dynamodb",
            "step_scaling_policy_configuration": [],
            "target_tracking_scaling_policy_configuration": [
              {
                "customized_metric_specification": [],
                "disable_scale_in": false,
                "predefined_metric_specification": [
                  {
                    "predefined_metric_type": "DynamoDBReadCapacityUtilization",
                    "resource_label": ""
                  }
                ],
                "scale_in_cooldown": 0,
                "scale_out_cooldown": 0,
                "target_value": 50
              }
            ]
          },
          "sensitive_attributes": [],
          "private": "bnVsbA==",
          "dependencies": [
            "module.dynamo_user_db.aws_dynamodb_table.this",
            "module.dynamo_user_db.aws_appautoscaling_target.table_read"
          ]
        }
      ]
    },
    {
      "module": "module.dynamo_user_db",
      "mode": "managed",
      "type": "aws_appautoscaling_policy",
      "name": "table_write_policy",
      "provider": "provider[\"registry.terraform.io/hashicorp/aws\"]",
      "instances": [
        {
          "index_key": 0,
          "schema_version": 0,
          "attributes": {
            "arn": "arn:aws:autoscaling:us-east-1:809247286407:scalingPolicy:fed83eb0-dfc0-40b8-bde1-781cd8fc1425:resource/dynamodb/table/gs-hack-user_db:policyName/DynamoDBWriteCapacityUtilization:table/gs-hack-user_db",
            "id": "DynamoDBWriteCapacityUtilization:table/gs-hack-user_db",
            "name": "DynamoDBWriteCapacityUtilization:table/gs-hack-user_db",
            "policy_type": "TargetTrackingScaling",
            "resource_id": "table/gs-hack-user_db",
            "scalable_dimension": "dynamodb:table:WriteCapacityUnits",
            "service_namespace": "dynamodb",
            "step_scaling_policy_configuration": [],
            "target_tracking_scaling_policy_configuration": [
              {
                "customized_metric_specification": [],
                "disable_scale_in": false,
                "predefined_metric_specification": [
                  {
                    "predefined_metric_type": "DynamoDBWriteCapacityUtilization",
                    "resource_label": ""
                  }
                ],
                "scale_in_cooldown": 0,
                "scale_out_cooldown": 0,
                "target_value": 50
              }
            ]
          },
          "sensitive_attributes": [],
          "private": "bnVsbA==",
          "dependencies": [
            "module.dynamo_user_db.aws_appautoscaling_target.table_write",
            "module.dynamo_user_db.aws_dynamodb_table.this"
          ]
        }
      ]
    },
    {
      "module": "module.dynamo_user_db",
      "mode": "managed",
      "type": "aws_appautoscaling_target",
      "name": "table_read",
      "provider": "provider[\"registry.terraform.io/hashicorp/aws\"]",
      "instances": [
        {
          "index_key": 0,
          "schema_version": 0,
          "attributes": {
            "id": "table/gs-hack-user_db",
            "max_capacity": 30,
            "min_capacity": 5,
            "resource_id": "table/gs-hack-user_db",
            "role_arn": "arn:aws:iam::809247286407:role/aws-service-role/dynamodb.application-autoscaling.amazonaws.com/AWSServiceRoleForApplicationAutoScaling_DynamoDBTable",
            "scalable_dimension": "dynamodb:table:ReadCapacityUnits",
            "service_namespace": "dynamodb"
          },
          "sensitive_attributes": [],
          "private": "bnVsbA==",
          "dependencies": [
            "module.dynamo_user_db.aws_dynamodb_table.this"
          ]
        }
      ]
    },
    {
      "module": "module.dynamo_user_db",
      "mode": "managed",
      "type": "aws_appautoscaling_target",
      "name": "table_write",
      "provider": "provider[\"registry.terraform.io/hashicorp/aws\"]",
      "instances": [
        {
          "index_key": 0,
          "schema_version": 0,
          "attributes": {
            "id": "table/gs-hack-user_db",
            "max_capacity": 10,
            "min_capacity": 5,
            "resource_id": "table/gs-hack-user_db",
            "role_arn": "arn:aws:iam::809247286407:role/aws-service-role/dynamodb.application-autoscaling.amazonaws.com/AWSServiceRoleForApplicationAutoScaling_DynamoDBTable",
            "scalable_dimension": "dynamodb:table:WriteCapacityUnits",
            "service_namespace": "dynamodb"
          },
          "sensitive_attributes": [],
          "private": "bnVsbA==",
          "dependencies": [
            "module.dynamo_user_db.aws_dynamodb_table.this"
          ]
        }
      ]
    },
    {
      "module": "module.dynamo_user_db",
      "mode": "managed",
      "type": "aws_dynamodb_table",
      "name": "this",
      "provider": "provider[\"registry.terraform.io/hashicorp/aws\"]",
      "instances": [
        {
          "index_key": 0,
          "schema_version": 1,
          "attributes": {
            "arn": "arn:aws:dynamodb:us-east-1:809247286407:table/gs-hack-user_db",
            "attribute": [
              {
                "name": "cognitoID",
                "type": "S"
              }
            ],
            "billing_mode": "PROVISIONED",
            "global_secondary_index": [],
            "hash_key": "cognitoID",
            "id": "gs-hack-user_db",
            "local_secondary_index": [],
            "name": "gs-hack-user_db",
            "point_in_time_recovery": [
              {
                "enabled": false
              }
            ],
            "range_key": null,
            "read_capacity": 5,
            "replica": [],
            "server_side_encryption": [],
            "stream_arn": "",
            "stream_enabled": false,
            "stream_label": "",
            "stream_view_type": "",
            "tags": {
              "Name": "gs-hack-user_db"
            },
            "tags_all": {
              "Name": "gs-hack-user_db"
            },
            "timeouts": {
              "create": "10m",
              "delete": "10m",
              "update": "60m"
            },
            "ttl": [
              {
                "attribute_name": "",
                "enabled": false,
                "kms_key_arn": ""
              }
            ],
            "write_capacity": 5
          },
          "sensitive_attributes": [],
          "private": "eyJlMmJmYjczMC1lY2FhLTExZTYtOGY4OC0zNDM2M2JjN2M0YzAiOnsiY3JlYXRlIjo2MDAwMDAwMDAwMDAsImRlbGV0ZSI6NjAwMDAwMDAwMDAwLCJ1cGRhdGUiOjM2MDAwMDAwMDAwMDB9LCJzY2hlbWFfdmVyc2lvbiI6IjEifQ=="
        }
      ]
    },
    {
      "module": "module.lb",
      "mode": "managed",
      "type": "aws_lb",
      "name": "this",
      "provider": "provider[\"registry.terraform.io/hashicorp/aws\"]",
      "instances": [
        {
          "index_key": 0,
          "schema_version": 0,
          "attributes": {
            "access_logs": [
              {
                "bucket": "gs-hack-access-logs",
                "enabled": false,
                "prefix": ""
              }
            ],
            "arn": "arn:aws:elasticloadbalancing:us-east-1:809247286407:loadbalancer/app/gs-hack-gs-lb/4cca6fc5e585b675",
            "arn_suffix": "app/gs-hack-gs-lb/4cca6fc5e585b675",
            "customer_owned_ipv4_pool": "",
            "dns_name": "gs-hack-gs-lb-595030492.us-east-1.elb.amazonaws.com",
            "drop_invalid_header_fields": false,
            "enable_cross_zone_load_balancing": null,
            "enable_deletion_protection": false,
            "enable_http2": true,
            "id": "arn:aws:elasticloadbalancing:us-east-1:809247286407:loadbalancer/app/gs-hack-gs-lb/4cca6fc5e585b675",
            "idle_timeout": 60,
            "internal": false,
            "ip_address_type": "ipv4",
            "load_balancer_type": "application",
            "name": "gs-hack-gs-lb",
            "name_prefix": null,
            "security_groups": [
              "sg-04c95215847439012"
            ],
            "subnet_mapping": [
              {
                "allocation_id": "",
                "ipv6_address": "",
                "outpost_id": "",
                "private_ipv4_address": "",
                "subnet_id": "subnet-020a59fb618168419"
              },
              {
                "allocation_id": "",
                "ipv6_address": "",
                "outpost_id": "",
                "private_ipv4_address": "",
                "subnet_id": "subnet-078ab8171bc7628bf"
              }
            ],
            "subnets": [
              "subnet-020a59fb618168419",
              "subnet-078ab8171bc7628bf"
            ],
            "tags": {
              "Name": "gs-hack-gs-lb"
            },
            "tags_all": {
              "Name": "gs-hack-gs-lb"
            },
            "timeouts": {
              "create": "10m",
              "delete": "10m",
              "update": "10m"
            },
            "vpc_id": "vpc-08c3c16207273649a",
            "zone_id": "Z35SXDOTRQ7X7K"
          },
          "sensitive_attributes": [],
          "private": "eyJlMmJmYjczMC1lY2FhLTExZTYtOGY4OC0zNDM2M2JjN2M0YzAiOnsiY3JlYXRlIjo2MDAwMDAwMDAwMDAsImRlbGV0ZSI6NjAwMDAwMDAwMDAwLCJ1cGRhdGUiOjYwMDAwMDAwMDAwMH19",
          "dependencies": [
            "aws_security_group.alb_sg",
            "module.vpc.aws_subnet.public",
            "module.vpc.aws_vpc.this",
            "module.vpc.aws_vpc_ipv4_cidr_block_association.this"
          ],
          "create_before_destroy": true
        }
      ]
    },
    {
      "module": "module.lb",
      "mode": "managed",
      "type": "aws_lb_listener",
      "name": "frontend_http_tcp",
      "provider": "provider[\"registry.terraform.io/hashicorp/aws\"]",
      "instances": [
        {
          "index_key": 0,
          "schema_version": 0,
          "attributes": {
            "alpn_policy": null,
            "arn": "arn:aws:elasticloadbalancing:us-east-1:809247286407:listener/app/gs-hack-gs-lb/4cca6fc5e585b675/6213b4adb13a4b69",
            "certificate_arn": null,
            "default_action": [
              {
                "authenticate_cognito": [],
                "authenticate_oidc": [],
                "fixed_response": [],
                "forward": [],
                "order": 1,
                "redirect": [
                  {
                    "host": "#{host}",
                    "path": "/#{path}",
                    "port": "443",
                    "protocol": "HTTPS",
                    "query": "#{query}",
                    "status_code": "HTTP_301"
                  }
                ],
                "target_group_arn": "",
                "type": "redirect"
              }
            ],
            "id": "arn:aws:elasticloadbalancing:us-east-1:809247286407:listener/app/gs-hack-gs-lb/4cca6fc5e585b675/6213b4adb13a4b69",
            "load_balancer_arn": "arn:aws:elasticloadbalancing:us-east-1:809247286407:loadbalancer/app/gs-hack-gs-lb/4cca6fc5e585b675",
            "port": 80,
            "protocol": "HTTP",
            "ssl_policy": "",
            "tags": {},
            "tags_all": {},
            "timeouts": null
          },
          "sensitive_attributes": [],
          "private": "eyJlMmJmYjczMC1lY2FhLTExZTYtOGY4OC0zNDM2M2JjN2M0YzAiOnsicmVhZCI6NjAwMDAwMDAwMDAwfX0=",
          "dependencies": [
            "module.lb.aws_lb.this",
            "module.lb.aws_lb_target_group.main",
            "module.vpc.aws_subnet.public",
            "module.vpc.aws_vpc.this",
            "module.vpc.aws_vpc_ipv4_cidr_block_association.this",
            "aws_security_group.alb_sg"
          ]
        }
      ]
    },
    {
      "module": "module.lb",
      "mode": "managed",
      "type": "aws_lb_listener",
      "name": "frontend_https",
      "provider": "provider[\"registry.terraform.io/hashicorp/aws\"]",
      "instances": [
        {
          "index_key": 0,
          "schema_version": 0,
          "attributes": {
            "alpn_policy": null,
            "arn": "arn:aws:elasticloadbalancing:us-east-1:809247286407:listener/app/gs-hack-gs-lb/4cca6fc5e585b675/ebb5ba4a134e248c",
            "certificate_arn": "arn:aws:acm:us-east-1:809247286407:certificate/082088aa-1c22-4557-aa19-3b3ec450dd26",
            "default_action": [
              {
                "authenticate_cognito": [],
                "authenticate_oidc": [],
                "fixed_response": [],
                "forward": [],
                "order": 1,
                "redirect": [],
                "target_group_arn": "arn:aws:elasticloadbalancing:us-east-1:809247286407:targetgroup/finn20210827051331314300000003/e33efb5f50ebab11",
                "type": "forward"
              }
            ],
            "id": "arn:aws:elasticloadbalancing:us-east-1:809247286407:listener/app/gs-hack-gs-lb/4cca6fc5e585b675/ebb5ba4a134e248c",
            "load_balancer_arn": "arn:aws:elasticloadbalancing:us-east-1:809247286407:loadbalancer/app/gs-hack-gs-lb/4cca6fc5e585b675",
            "port": 443,
            "protocol": "HTTPS",
            "ssl_policy": "ELBSecurityPolicy-2016-08",
            "tags": {},
            "tags_all": {},
            "timeouts": null
          },
          "sensitive_attributes": [],
          "private": "eyJlMmJmYjczMC1lY2FhLTExZTYtOGY4OC0zNDM2M2JjN2M0YzAiOnsicmVhZCI6NjAwMDAwMDAwMDAwfX0=",
          "dependencies": [
            "module.vpc.aws_vpc.this",
            "aws_acm_certificate.api",
            "aws_route53_record.api_cert_validation",
            "module.vpc.aws_subnet.public",
            "module.lb.aws_lb.this",
            "module.lb.aws_lb_target_group.main",
            "module.vpc.aws_vpc_ipv4_cidr_block_association.this",
            "aws_acm_certificate_validation.api_cert",
            "aws_route53_zone.gs_hack",
            "aws_security_group.alb_sg"
          ]
        }
      ]
    },
    {
      "module": "module.lb",
      "mode": "managed",
      "type": "aws_lb_target_group",
      "name": "main",
      "provider": "provider[\"registry.terraform.io/hashicorp/aws\"]",
      "instances": [
        {
          "index_key": 0,
          "schema_version": 0,
          "attributes": {
            "arn": "arn:aws:elasticloadbalancing:us-east-1:809247286407:targetgroup/finn20210827051331314300000003/e33efb5f50ebab11",
            "arn_suffix": "targetgroup/finn20210827051331314300000003/e33efb5f50ebab11",
            "deregistration_delay": 300,
            "health_check": [
              {
                "enabled": true,
                "healthy_threshold": 3,
                "interval": 30,
                "matcher": "200",
                "path": "/health",
                "port": "8080",
                "protocol": "HTTP",
                "timeout": 5,
                "unhealthy_threshold": 3
              }
            ],
            "id": "arn:aws:elasticloadbalancing:us-east-1:809247286407:targetgroup/finn20210827051331314300000003/e33efb5f50ebab11",
            "lambda_multi_value_headers_enabled": false,
            "load_balancing_algorithm_type": "round_robin",
            "name": "finn20210827051331314300000003",
            "name_prefix": "finn",
            "port": 8080,
            "preserve_client_ip": null,
            "protocol": "HTTP",
            "protocol_version": "HTTP1",
            "proxy_protocol_v2": false,
            "slow_start": 0,
            "stickiness": [
              {
                "cookie_duration": 86400,
                "cookie_name": "",
                "enabled": false,
                "type": "lb_cookie"
              }
            ],
            "tags": {
              "Name": "finn"
            },
            "tags_all": {
              "Name": "finn"
            },
            "target_type": "ip",
            "vpc_id": "vpc-08c3c16207273649a"
          },
          "sensitive_attributes": [],
          "private": "bnVsbA==",
          "dependencies": [
            "module.vpc.aws_vpc.this",
            "module.vpc.aws_vpc_ipv4_cidr_block_association.this",
            "aws_security_group.alb_sg",
            "module.lb.aws_lb.this",
            "module.vpc.aws_subnet.public"
          ],
          "create_before_destroy": true
        },
        {
          "index_key": 1,
          "schema_version": 0,
          "attributes": {
            "arn": "arn:aws:elasticloadbalancing:us-east-1:809247286407:targetgroup/edu20210827051331313300000002/2dae98e1492b18b9",
            "arn_suffix": "targetgroup/edu20210827051331313300000002/2dae98e1492b18b9",
            "deregistration_delay": 300,
            "health_check": [
              {
                "enabled": true,
                "healthy_threshold": 3,
                "interval": 30,
                "matcher": "200",
                "path": "/health",
                "port": "8080",
                "protocol": "HTTP",
                "timeout": 5,
                "unhealthy_threshold": 3
              }
            ],
            "id": "arn:aws:elasticloadbalancing:us-east-1:809247286407:targetgroup/edu20210827051331313300000002/2dae98e1492b18b9",
            "lambda_multi_value_headers_enabled": false,
            "load_balancing_algorithm_type": "round_robin",
            "name": "edu20210827051331313300000002",
            "name_prefix": "edu",
            "port": 8080,
            "preserve_client_ip": null,
            "protocol": "HTTP",
            "protocol_version": "HTTP1",
            "proxy_protocol_v2": false,
            "slow_start": 0,
            "stickiness": [
              {
                "cookie_duration": 86400,
                "cookie_name": "",
                "enabled": false,
                "type": "lb_cookie"
              }
            ],
            "tags": {
              "Name": "edu"
            },
            "tags_all": {
              "Name": "edu"
            },
            "target_type": "ip",
            "vpc_id": "vpc-08c3c16207273649a"
          },
          "sensitive_attributes": [],
          "private": "bnVsbA==",
          "dependencies": [
            "module.vpc.aws_vpc.this",
            "module.vpc.aws_vpc_ipv4_cidr_block_association.this",
            "aws_security_group.alb_sg",
            "module.lb.aws_lb.this",
            "module.vpc.aws_subnet.public"
          ],
          "create_before_destroy": true
        },
        {
          "index_key": 2,
          "schema_version": 0,
          "attributes": {
            "arn": "arn:aws:elasticloadbalancing:us-east-1:809247286407:targetgroup/user20210827051331311300000001/727da9387d6ec13d",
            "arn_suffix": "targetgroup/user20210827051331311300000001/727da9387d6ec13d",
            "deregistration_delay": 300,
            "health_check": [
              {
                "enabled": true,
                "healthy_threshold": 3,
                "interval": 30,
                "matcher": "200",
                "path": "/health",
                "port": "8080",
                "protocol": "HTTP",
                "timeout": 5,
                "unhealthy_threshold": 3
              }
            ],
            "id": "arn:aws:elasticloadbalancing:us-east-1:809247286407:targetgroup/user20210827051331311300000001/727da9387d6ec13d",
            "lambda_multi_value_headers_enabled": false,
            "load_balancing_algorithm_type": "round_robin",
            "name": "user20210827051331311300000001",
            "name_prefix": "user",
            "port": 8080,
            "preserve_client_ip": null,
            "protocol": "HTTP",
            "protocol_version": "HTTP1",
            "proxy_protocol_v2": false,
            "slow_start": 0,
            "stickiness": [
              {
                "cookie_duration": 86400,
                "cookie_name": "",
                "enabled": false,
                "type": "lb_cookie"
              }
            ],
            "tags": {
              "Name": "user"
            },
            "tags_all": {
              "Name": "user"
            },
            "target_type": "ip",
            "vpc_id": "vpc-08c3c16207273649a"
          },
          "sensitive_attributes": [],
          "private": "bnVsbA==",
          "dependencies": [
            "aws_security_group.alb_sg",
            "module.lb.aws_lb.this",
            "module.vpc.aws_subnet.public",
            "module.vpc.aws_vpc.this",
            "module.vpc.aws_vpc_ipv4_cidr_block_association.this"
          ],
          "create_before_destroy": true
        }
      ]
    },
    {
      "module": "module.nlb",
      "mode": "managed",
      "type": "aws_lb",
      "name": "this",
      "provider": "provider[\"registry.terraform.io/hashicorp/aws\"]",
      "instances": [
        {
          "index_key": 0,
          "schema_version": 0,
          "attributes": {
            "access_logs": [
              {
                "bucket": "",
                "enabled": false,
                "prefix": ""
              }
            ],
            "arn": "arn:aws:elasticloadbalancing:us-east-1:809247286407:loadbalancer/net/gs-hack-gs-nlb/0597734792f2647a",
            "arn_suffix": "net/gs-hack-gs-nlb/0597734792f2647a",
            "customer_owned_ipv4_pool": "",
            "dns_name": "gs-hack-gs-nlb-0597734792f2647a.elb.us-east-1.amazonaws.com",
            "drop_invalid_header_fields": null,
            "enable_cross_zone_load_balancing": false,
            "enable_deletion_protection": false,
            "enable_http2": null,
            "id": "arn:aws:elasticloadbalancing:us-east-1:809247286407:loadbalancer/net/gs-hack-gs-nlb/0597734792f2647a",
            "idle_timeout": null,
            "internal": false,
            "ip_address_type": "ipv4",
            "load_balancer_type": "network",
            "name": "gs-hack-gs-nlb",
            "name_prefix": null,
            "security_groups": [],
            "subnet_mapping": [
              {
                "allocation_id": "",
                "ipv6_address": "",
                "outpost_id": "",
                "private_ipv4_address": "",
                "subnet_id": "subnet-03b5f383b00c044cf"
              },
              {
                "allocation_id": "",
                "ipv6_address": "",
                "outpost_id": "",
                "private_ipv4_address": "",
                "subnet_id": "subnet-056015ee11ff0f6c2"
              }
            ],
            "subnets": [
              "subnet-03b5f383b00c044cf",
              "subnet-056015ee11ff0f6c2"
            ],
            "tags": {
              "Name": "gs-hack-gs-nlb"
            },
            "tags_all": {
              "Name": "gs-hack-gs-nlb"
            },
            "timeouts": {
              "create": "10m",
              "delete": "10m",
              "update": "10m"
            },
            "vpc_id": "vpc-08c3c16207273649a",
            "zone_id": "Z26RNL4JYFTOTI"
          },
          "sensitive_attributes": [],
          "private": "eyJlMmJmYjczMC1lY2FhLTExZTYtOGY4OC0zNDM2M2JjN2M0YzAiOnsiY3JlYXRlIjo2MDAwMDAwMDAwMDAsImRlbGV0ZSI6NjAwMDAwMDAwMDAwLCJ1cGRhdGUiOjYwMDAwMDAwMDAwMH19",
          "dependencies": [
            "module.vpc.aws_subnet.private"
          ]
        }
      ]
    },
    {
      "module": "module.nlb",
      "mode": "managed",
      "type": "aws_lb_listener",
      "name": "frontend_http_tcp",
      "provider": "provider[\"registry.terraform.io/hashicorp/aws\"]",
      "instances": [
        {
          "index_key": 0,
          "schema_version": 0,
          "attributes": {
            "alpn_policy": null,
            "arn": "arn:aws:elasticloadbalancing:us-east-1:809247286407:listener/net/gs-hack-gs-nlb/0597734792f2647a/70453a64c6d25e8c",
            "certificate_arn": null,
            "default_action": [
              {
                "authenticate_cognito": [],
                "authenticate_oidc": [],
                "fixed_response": [],
                "forward": [],
                "order": 1,
                "redirect": [],
                "target_group_arn": "arn:aws:elasticloadbalancing:us-east-1:809247286407:targetgroup/finn20210829061312864900000002/285db887c0c54ab0",
                "type": "forward"
              }
            ],
            "id": "arn:aws:elasticloadbalancing:us-east-1:809247286407:listener/net/gs-hack-gs-nlb/0597734792f2647a/70453a64c6d25e8c",
            "load_balancer_arn": "arn:aws:elasticloadbalancing:us-east-1:809247286407:loadbalancer/net/gs-hack-gs-nlb/0597734792f2647a",
            "port": 5000,
            "protocol": "TCP_UDP",
            "ssl_policy": "",
            "tags": null,
            "tags_all": {},
            "timeouts": null
          },
          "sensitive_attributes": [],
          "private": "eyJlMmJmYjczMC1lY2FhLTExZTYtOGY4OC0zNDM2M2JjN2M0YzAiOnsicmVhZCI6NjAwMDAwMDAwMDAwfX0=",
          "dependencies": [
            "module.nlb.aws_lb.this",
            "module.nlb.aws_lb_target_group.main",
            "module.vpc.aws_subnet.private"
          ]
        },
        {
          "index_key": 1,
          "schema_version": 0,
          "attributes": {
            "alpn_policy": null,
            "arn": "arn:aws:elasticloadbalancing:us-east-1:809247286407:listener/net/gs-hack-gs-nlb/0597734792f2647a/bddb17b116ecce6b",
            "certificate_arn": null,
            "default_action": [
              {
                "authenticate_cognito": [],
                "authenticate_oidc": [],
                "fixed_response": [],
                "forward": [],
                "order": 1,
                "redirect": [],
                "target_group_arn": "arn:aws:elasticloadbalancing:us-east-1:809247286407:targetgroup/edu20210829061312864900000001/12c7d4792bbf1302",
                "type": "forward"
              }
            ],
            "id": "arn:aws:elasticloadbalancing:us-east-1:809247286407:listener/net/gs-hack-gs-nlb/0597734792f2647a/bddb17b116ecce6b",
            "load_balancer_arn": "arn:aws:elasticloadbalancing:us-east-1:809247286407:loadbalancer/net/gs-hack-gs-nlb/0597734792f2647a",
            "port": 5001,
            "protocol": "TCP_UDP",
            "ssl_policy": "",
            "tags": null,
            "tags_all": {},
            "timeouts": null
          },
          "sensitive_attributes": [],
          "private": "eyJlMmJmYjczMC1lY2FhLTExZTYtOGY4OC0zNDM2M2JjN2M0YzAiOnsicmVhZCI6NjAwMDAwMDAwMDAwfX0=",
          "dependencies": [
            "module.nlb.aws_lb.this",
            "module.nlb.aws_lb_target_group.main",
            "module.vpc.aws_subnet.private"
          ]
        },
        {
          "index_key": 2,
          "schema_version": 0,
          "attributes": {
            "alpn_policy": null,
            "arn": "arn:aws:elasticloadbalancing:us-east-1:809247286407:listener/net/gs-hack-gs-nlb/0597734792f2647a/2416515b80c60a46",
            "certificate_arn": null,
            "default_action": [
              {
                "authenticate_cognito": [],
                "authenticate_oidc": [],
                "fixed_response": [],
                "forward": [],
                "order": 1,
                "redirect": [],
                "target_group_arn": "arn:aws:elasticloadbalancing:us-east-1:809247286407:targetgroup/user20210829061312864900000003/07c6cbe9108e9c23",
                "type": "forward"
              }
            ],
            "id": "arn:aws:elasticloadbalancing:us-east-1:809247286407:listener/net/gs-hack-gs-nlb/0597734792f2647a/2416515b80c60a46",
            "load_balancer_arn": "arn:aws:elasticloadbalancing:us-east-1:809247286407:loadbalancer/net/gs-hack-gs-nlb/0597734792f2647a",
            "port": 5002,
            "protocol": "TCP_UDP",
            "ssl_policy": "",
            "tags": null,
            "tags_all": {},
            "timeouts": null
          },
          "sensitive_attributes": [],
          "private": "eyJlMmJmYjczMC1lY2FhLTExZTYtOGY4OC0zNDM2M2JjN2M0YzAiOnsicmVhZCI6NjAwMDAwMDAwMDAwfX0=",
          "dependencies": [
            "module.nlb.aws_lb.this",
            "module.nlb.aws_lb_target_group.main",
            "module.vpc.aws_subnet.private"
          ]
        }
      ]
    },
    {
      "module": "module.nlb",
      "mode": "managed",
      "type": "aws_lb_target_group",
      "name": "main",
      "provider": "provider[\"registry.terraform.io/hashicorp/aws\"]",
      "instances": [
        {
          "index_key": 0,
          "schema_version": 0,
          "attributes": {
            "arn": "arn:aws:elasticloadbalancing:us-east-1:809247286407:targetgroup/finn20210829061312864900000002/285db887c0c54ab0",
            "arn_suffix": "targetgroup/finn20210829061312864900000002/285db887c0c54ab0",
            "deregistration_delay": 300,
            "health_check": [
              {
                "enabled": true,
                "healthy_threshold": 3,
                "interval": 30,
                "matcher": "200-399",
                "path": "/health",
                "port": "8080",
                "protocol": "HTTP",
                "timeout": 6,
                "unhealthy_threshold": 3
              }
            ],
            "id": "arn:aws:elasticloadbalancing:us-east-1:809247286407:targetgroup/finn20210829061312864900000002/285db887c0c54ab0",
            "lambda_multi_value_headers_enabled": false,
            "load_balancing_algorithm_type": null,
            "name": "finn20210829061312864900000002",
            "name_prefix": "finn",
            "port": 8080,
            "preserve_client_ip": "true",
            "protocol": "TCP_UDP",
            "protocol_version": null,
            "proxy_protocol_v2": false,
            "slow_start": 0,
            "stickiness": [
              {
                "cookie_duration": 0,
                "cookie_name": "",
                "enabled": false,
                "type": "source_ip"
              }
            ],
            "tags": {
              "Name": "finn"
            },
            "tags_all": {
              "Name": "finn"
            },
            "target_type": "ip",
            "vpc_id": "vpc-08c3c16207273649a"
          },
          "sensitive_attributes": [],
          "private": "bnVsbA==",
          "dependencies": [
            "module.vpc.aws_vpc.this"
          ],
          "create_before_destroy": true
        },
        {
          "index_key": 1,
          "schema_version": 0,
          "attributes": {
            "arn": "arn:aws:elasticloadbalancing:us-east-1:809247286407:targetgroup/edu20210829061312864900000001/12c7d4792bbf1302",
            "arn_suffix": "targetgroup/edu20210829061312864900000001/12c7d4792bbf1302",
            "deregistration_delay": 300,
            "health_check": [
              {
                "enabled": true,
                "healthy_threshold": 3,
                "interval": 30,
                "matcher": "200-399",
                "path": "/health",
                "port": "8080",
                "protocol": "HTTP",
                "timeout": 6,
                "unhealthy_threshold": 3
              }
            ],
            "id": "arn:aws:elasticloadbalancing:us-east-1:809247286407:targetgroup/edu20210829061312864900000001/12c7d4792bbf1302",
            "lambda_multi_value_headers_enabled": false,
            "load_balancing_algorithm_type": null,
            "name": "edu20210829061312864900000001",
            "name_prefix": "edu",
            "port": 8080,
            "preserve_client_ip": "true",
            "protocol": "TCP_UDP",
            "protocol_version": null,
            "proxy_protocol_v2": false,
            "slow_start": 0,
            "stickiness": [
              {
                "cookie_duration": 0,
                "cookie_name": "",
                "enabled": false,
                "type": "source_ip"
              }
            ],
            "tags": {
              "Name": "edu"
            },
            "tags_all": {
              "Name": "edu"
            },
            "target_type": "ip",
            "vpc_id": "vpc-08c3c16207273649a"
          },
          "sensitive_attributes": [],
          "private": "bnVsbA==",
          "dependencies": [
            "module.vpc.aws_vpc.this"
          ],
          "create_before_destroy": true
        },
        {
          "index_key": 2,
          "schema_version": 0,
          "attributes": {
            "arn": "arn:aws:elasticloadbalancing:us-east-1:809247286407:targetgroup/user20210829061312864900000003/07c6cbe9108e9c23",
            "arn_suffix": "targetgroup/user20210829061312864900000003/07c6cbe9108e9c23",
            "deregistration_delay": 300,
            "health_check": [
              {
                "enabled": true,
                "healthy_threshold": 3,
                "interval": 30,
                "matcher": "200-399",
                "path": "/health",
                "port": "8080",
                "protocol": "HTTP",
                "timeout": 6,
                "unhealthy_threshold": 3
              }
            ],
            "id": "arn:aws:elasticloadbalancing:us-east-1:809247286407:targetgroup/user20210829061312864900000003/07c6cbe9108e9c23",
            "lambda_multi_value_headers_enabled": false,
            "load_balancing_algorithm_type": null,
            "name": "user20210829061312864900000003",
            "name_prefix": "user",
            "port": 8080,
            "preserve_client_ip": "true",
            "protocol": "TCP_UDP",
            "protocol_version": null,
            "proxy_protocol_v2": false,
            "slow_start": 0,
            "stickiness": [
              {
                "cookie_duration": 0,
                "cookie_name": "",
                "enabled": false,
                "type": "source_ip"
              }
            ],
            "tags": {
              "Name": "user"
            },
            "tags_all": {
              "Name": "user"
            },
            "target_type": "ip",
            "vpc_id": "vpc-08c3c16207273649a"
          },
          "sensitive_attributes": [],
          "private": "bnVsbA==",
          "dependencies": [
            "module.vpc.aws_vpc.this"
          ],
          "create_before_destroy": true
        }
      ]
    },
    {
      "module": "module.vpc",
      "mode": "managed",
      "type": "aws_eip",
      "name": "nat",
      "provider": "provider[\"registry.terraform.io/hashicorp/aws\"]",
      "instances": [
        {
          "index_key": 0,
          "schema_version": 0,
          "attributes": {
            "address": null,
            "allocation_id": null,
            "associate_with_private_ip": null,
            "association_id": "eipassoc-08e30958381480433",
            "carrier_ip": "",
            "customer_owned_ip": "",
            "customer_owned_ipv4_pool": "",
            "domain": "vpc",
            "id": "eipalloc-03e250c6a0f344f74",
            "instance": "",
            "network_border_group": "us-east-1",
            "network_interface": "eni-0b55cf20f0ea7f67d",
            "private_dns": "ip-10-0-101-85.ec2.internal",
            "private_ip": "10.0.101.85",
            "public_dns": "ec2-52-21-142-57.compute-1.amazonaws.com",
            "public_ip": "52.21.142.57",
            "public_ipv4_pool": "amazon",
            "tags": {
              "Name": "gs-hack-vpc-us-east-1a"
            },
            "tags_all": {
              "Name": "gs-hack-vpc-us-east-1a"
            },
            "timeouts": null,
            "vpc": true
          },
          "sensitive_attributes": [],
          "private": "eyJlMmJmYjczMC1lY2FhLTExZTYtOGY4OC0zNDM2M2JjN2M0YzAiOnsiZGVsZXRlIjoxODAwMDAwMDAwMDAsInJlYWQiOjkwMDAwMDAwMDAwMCwidXBkYXRlIjozMDAwMDAwMDAwMDB9fQ=="
        },
        {
          "index_key": 1,
          "schema_version": 0,
          "attributes": {
            "address": null,
            "allocation_id": null,
            "associate_with_private_ip": null,
            "association_id": "eipassoc-036fc9435c06072f7",
            "carrier_ip": "",
            "customer_owned_ip": "",
            "customer_owned_ipv4_pool": "",
            "domain": "vpc",
            "id": "eipalloc-0cdef24e7dc6e6189",
            "instance": "",
            "network_border_group": "us-east-1",
            "network_interface": "eni-07068933ff947c581",
            "private_dns": "ip-10-0-102-34.ec2.internal",
            "private_ip": "10.0.102.34",
            "public_dns": "ec2-3-214-239-210.compute-1.amazonaws.com",
            "public_ip": "3.214.239.210",
            "public_ipv4_pool": "amazon",
            "tags": {
              "Name": "gs-hack-vpc-us-east-1b"
            },
            "tags_all": {
              "Name": "gs-hack-vpc-us-east-1b"
            },
            "timeouts": null,
            "vpc": true
          },
          "sensitive_attributes": [],
          "private": "eyJlMmJmYjczMC1lY2FhLTExZTYtOGY4OC0zNDM2M2JjN2M0YzAiOnsiZGVsZXRlIjoxODAwMDAwMDAwMDAsInJlYWQiOjkwMDAwMDAwMDAwMCwidXBkYXRlIjozMDAwMDAwMDAwMDB9fQ=="
        }
      ]
    },
    {
      "module": "module.vpc",
      "mode": "managed",
      "type": "aws_internet_gateway",
      "name": "this",
      "provider": "provider[\"registry.terraform.io/hashicorp/aws\"]",
      "instances": [
        {
          "index_key": 0,
          "schema_version": 0,
          "attributes": {
            "arn": "arn:aws:ec2:us-east-1:809247286407:internet-gateway/igw-06d138d7db8fb1d93",
            "id": "igw-06d138d7db8fb1d93",
            "owner_id": "809247286407",
            "tags": {
              "Name": "gs-hack-vpc"
            },
            "tags_all": {
              "Name": "gs-hack-vpc"
            },
            "vpc_id": "vpc-08c3c16207273649a"
          },
          "sensitive_attributes": [],
          "private": "bnVsbA==",
          "dependencies": [
            "module.vpc.aws_vpc.this",
            "module.vpc.aws_vpc_ipv4_cidr_block_association.this"
          ]
        }
      ]
    },
    {
      "module": "module.vpc",
      "mode": "managed",
      "type": "aws_nat_gateway",
      "name": "this",
      "provider": "provider[\"registry.terraform.io/hashicorp/aws\"]",
      "instances": [
        {
          "index_key": 0,
          "schema_version": 0,
          "attributes": {
            "allocation_id": "eipalloc-03e250c6a0f344f74",
            "connectivity_type": "public",
            "id": "nat-0ed1660a09671df0e",
            "network_interface_id": "eni-0b55cf20f0ea7f67d",
            "private_ip": "10.0.101.85",
            "public_ip": "52.21.142.57",
            "subnet_id": "subnet-020a59fb618168419",
            "tags": {
              "Name": "gs-hack-vpc-us-east-1a"
            },
            "tags_all": {
              "Name": "gs-hack-vpc-us-east-1a"
            }
          },
          "sensitive_attributes": [],
          "private": "bnVsbA==",
          "dependencies": [
            "module.vpc.aws_subnet.public",
            "module.vpc.aws_vpc.this",
            "module.vpc.aws_vpc_ipv4_cidr_block_association.this",
            "module.vpc.aws_eip.nat",
            "module.vpc.aws_internet_gateway.this"
          ]
        },
        {
          "index_key": 1,
          "schema_version": 0,
          "attributes": {
            "allocation_id": "eipalloc-0cdef24e7dc6e6189",
            "connectivity_type": "public",
            "id": "nat-0006460bcb7fd65b1",
            "network_interface_id": "eni-07068933ff947c581",
            "private_ip": "10.0.102.34",
            "public_ip": "3.214.239.210",
            "subnet_id": "subnet-078ab8171bc7628bf",
            "tags": {
              "Name": "gs-hack-vpc-us-east-1b"
            },
            "tags_all": {
              "Name": "gs-hack-vpc-us-east-1b"
            }
          },
          "sensitive_attributes": [],
          "private": "bnVsbA==",
          "dependencies": [
            "module.vpc.aws_eip.nat",
            "module.vpc.aws_internet_gateway.this",
            "module.vpc.aws_subnet.public",
            "module.vpc.aws_vpc.this",
            "module.vpc.aws_vpc_ipv4_cidr_block_association.this"
          ]
        }
      ]
    },
    {
      "module": "module.vpc",
      "mode": "managed",
      "type": "aws_route",
      "name": "private_nat_gateway",
      "provider": "provider[\"registry.terraform.io/hashicorp/aws\"]",
      "instances": [
        {
          "index_key": 0,
          "schema_version": 0,
          "attributes": {
            "carrier_gateway_id": "",
            "destination_cidr_block": "0.0.0.0/0",
            "destination_ipv6_cidr_block": "",
            "destination_prefix_list_id": "",
            "egress_only_gateway_id": "",
            "gateway_id": "",
            "id": "r-rtb-0e9e32fd6940e29051080289494",
            "instance_id": "",
            "instance_owner_id": "",
            "local_gateway_id": "",
            "nat_gateway_id": "nat-0ed1660a09671df0e",
            "network_interface_id": "",
            "origin": "CreateRoute",
            "route_table_id": "rtb-0e9e32fd6940e2905",
            "state": "active",
            "timeouts": {
              "create": "5m",
              "delete": null
            },
            "transit_gateway_id": "",
            "vpc_endpoint_id": "",
            "vpc_peering_connection_id": ""
          },
          "sensitive_attributes": [],
          "private": "eyJlMmJmYjczMC1lY2FhLTExZTYtOGY4OC0zNDM2M2JjN2M0YzAiOnsiY3JlYXRlIjozMDAwMDAwMDAwMDAsImRlbGV0ZSI6MzAwMDAwMDAwMDAwfX0=",
          "dependencies": [
            "module.vpc.aws_subnet.public",
            "module.vpc.aws_vpc.this",
            "module.vpc.aws_vpc_ipv4_cidr_block_association.this",
            "module.vpc.aws_eip.nat",
            "module.vpc.aws_internet_gateway.this",
            "module.vpc.aws_nat_gateway.this",
            "module.vpc.aws_route_table.private"
          ]
        },
        {
          "index_key": 1,
          "schema_version": 0,
          "attributes": {
            "carrier_gateway_id": "",
            "destination_cidr_block": "0.0.0.0/0",
            "destination_ipv6_cidr_block": "",
            "destination_prefix_list_id": "",
            "egress_only_gateway_id": "",
            "gateway_id": "",
            "id": "r-rtb-088177ae84d43907a1080289494",
            "instance_id": "",
            "instance_owner_id": "",
            "local_gateway_id": "",
            "nat_gateway_id": "nat-0006460bcb7fd65b1",
            "network_interface_id": "",
            "origin": "CreateRoute",
            "route_table_id": "rtb-088177ae84d43907a",
            "state": "active",
            "timeouts": {
              "create": "5m",
              "delete": null
            },
            "transit_gateway_id": "",
            "vpc_endpoint_id": "",
            "vpc_peering_connection_id": ""
          },
          "sensitive_attributes": [],
          "private": "eyJlMmJmYjczMC1lY2FhLTExZTYtOGY4OC0zNDM2M2JjN2M0YzAiOnsiY3JlYXRlIjozMDAwMDAwMDAwMDAsImRlbGV0ZSI6MzAwMDAwMDAwMDAwfX0=",
          "dependencies": [
            "module.vpc.aws_vpc.this",
            "module.vpc.aws_vpc_ipv4_cidr_block_association.this",
            "module.vpc.aws_eip.nat",
            "module.vpc.aws_internet_gateway.this",
            "module.vpc.aws_nat_gateway.this",
            "module.vpc.aws_route_table.private",
            "module.vpc.aws_subnet.public"
          ]
        }
      ]
    },
    {
      "module": "module.vpc",
      "mode": "managed",
      "type": "aws_route",
      "name": "public_internet_gateway",
      "provider": "provider[\"registry.terraform.io/hashicorp/aws\"]",
      "instances": [
        {
          "index_key": 0,
          "schema_version": 0,
          "attributes": {
            "carrier_gateway_id": "",
            "destination_cidr_block": "0.0.0.0/0",
            "destination_ipv6_cidr_block": "",
            "destination_prefix_list_id": "",
            "egress_only_gateway_id": "",
            "gateway_id": "igw-06d138d7db8fb1d93",
            "id": "r-rtb-0d728b963a67738621080289494",
            "instance_id": "",
            "instance_owner_id": "",
            "local_gateway_id": "",
            "nat_gateway_id": "",
            "network_interface_id": "",
            "origin": "CreateRoute",
            "route_table_id": "rtb-0d728b963a6773862",
            "state": "active",
            "timeouts": {
              "create": "5m",
              "delete": null
            },
            "transit_gateway_id": "",
            "vpc_endpoint_id": "",
            "vpc_peering_connection_id": ""
          },
          "sensitive_attributes": [],
          "private": "eyJlMmJmYjczMC1lY2FhLTExZTYtOGY4OC0zNDM2M2JjN2M0YzAiOnsiY3JlYXRlIjozMDAwMDAwMDAwMDAsImRlbGV0ZSI6MzAwMDAwMDAwMDAwfX0=",
          "dependencies": [
            "module.vpc.aws_internet_gateway.this",
            "module.vpc.aws_route_table.public",
            "module.vpc.aws_vpc.this",
            "module.vpc.aws_vpc_ipv4_cidr_block_association.this"
          ]
        }
      ]
    },
    {
      "module": "module.vpc",
      "mode": "managed",
      "type": "aws_route_table",
      "name": "private",
      "provider": "provider[\"registry.terraform.io/hashicorp/aws\"]",
      "instances": [
        {
          "index_key": 0,
          "schema_version": 0,
          "attributes": {
            "arn": "arn:aws:ec2:us-east-1:809247286407:route-table/rtb-0e9e32fd6940e2905",
            "id": "rtb-0e9e32fd6940e2905",
            "owner_id": "809247286407",
            "propagating_vgws": [],
            "route": [
              {
                "carrier_gateway_id": "",
                "cidr_block": "0.0.0.0/0",
                "destination_prefix_list_id": "",
                "egress_only_gateway_id": "",
                "gateway_id": "",
                "instance_id": "",
                "ipv6_cidr_block": "",
                "local_gateway_id": "",
                "nat_gateway_id": "nat-0ed1660a09671df0e",
                "network_interface_id": "",
                "transit_gateway_id": "",
                "vpc_endpoint_id": "",
                "vpc_peering_connection_id": ""
              }
            ],
            "tags": {
              "Name": "gs-hack-vpc-private-us-east-1a"
            },
            "tags_all": {
              "Name": "gs-hack-vpc-private-us-east-1a"
            },
            "vpc_id": "vpc-08c3c16207273649a"
          },
          "sensitive_attributes": [],
          "private": "bnVsbA==",
          "dependencies": [
            "module.vpc.aws_vpc.this",
            "module.vpc.aws_vpc_ipv4_cidr_block_association.this"
          ]
        },
        {
          "index_key": 1,
          "schema_version": 0,
          "attributes": {
            "arn": "arn:aws:ec2:us-east-1:809247286407:route-table/rtb-088177ae84d43907a",
            "id": "rtb-088177ae84d43907a",
            "owner_id": "809247286407",
            "propagating_vgws": [],
            "route": [
              {
                "carrier_gateway_id": "",
                "cidr_block": "0.0.0.0/0",
                "destination_prefix_list_id": "",
                "egress_only_gateway_id": "",
                "gateway_id": "",
                "instance_id": "",
                "ipv6_cidr_block": "",
                "local_gateway_id": "",
                "nat_gateway_id": "nat-0006460bcb7fd65b1",
                "network_interface_id": "",
                "transit_gateway_id": "",
                "vpc_endpoint_id": "",
                "vpc_peering_connection_id": ""
              }
            ],
            "tags": {
              "Name": "gs-hack-vpc-private-us-east-1b"
            },
            "tags_all": {
              "Name": "gs-hack-vpc-private-us-east-1b"
            },
            "vpc_id": "vpc-08c3c16207273649a"
          },
          "sensitive_attributes": [],
          "private": "bnVsbA==",
          "dependencies": [
            "module.vpc.aws_vpc.this",
            "module.vpc.aws_vpc_ipv4_cidr_block_association.this"
          ]
        }
      ]
    },
    {
      "module": "module.vpc",
      "mode": "managed",
      "type": "aws_route_table",
      "name": "public",
      "provider": "provider[\"registry.terraform.io/hashicorp/aws\"]",
      "instances": [
        {
          "index_key": 0,
          "schema_version": 0,
          "attributes": {
            "arn": "arn:aws:ec2:us-east-1:809247286407:route-table/rtb-0d728b963a6773862",
            "id": "rtb-0d728b963a6773862",
            "owner_id": "809247286407",
            "propagating_vgws": [],
            "route": [
              {
                "carrier_gateway_id": "",
                "cidr_block": "0.0.0.0/0",
                "destination_prefix_list_id": "",
                "egress_only_gateway_id": "",
                "gateway_id": "igw-06d138d7db8fb1d93",
                "instance_id": "",
                "ipv6_cidr_block": "",
                "local_gateway_id": "",
                "nat_gateway_id": "",
                "network_interface_id": "",
                "transit_gateway_id": "",
                "vpc_endpoint_id": "",
                "vpc_peering_connection_id": ""
              }
            ],
            "tags": {
              "Name": "gs-hack-vpc-public"
            },
            "tags_all": {
              "Name": "gs-hack-vpc-public"
            },
            "vpc_id": "vpc-08c3c16207273649a"
          },
          "sensitive_attributes": [],
          "private": "bnVsbA==",
          "dependencies": [
            "module.vpc.aws_vpc.this",
            "module.vpc.aws_vpc_ipv4_cidr_block_association.this"
          ]
        }
      ]
    },
    {
      "module": "module.vpc",
      "mode": "managed",
      "type": "aws_route_table_association",
      "name": "private",
      "provider": "provider[\"registry.terraform.io/hashicorp/aws\"]",
      "instances": [
        {
          "index_key": 0,
          "schema_version": 0,
          "attributes": {
            "gateway_id": "",
            "id": "rtbassoc-06ad3e75ebfe5616d",
            "route_table_id": "rtb-0e9e32fd6940e2905",
            "subnet_id": "subnet-03b5f383b00c044cf"
          },
          "sensitive_attributes": [],
          "private": "bnVsbA==",
          "dependencies": [
            "module.vpc.aws_vpc_ipv4_cidr_block_association.this",
            "module.vpc.aws_route_table.private",
            "module.vpc.aws_subnet.private",
            "module.vpc.aws_vpc.this"
          ]
        },
        {
          "index_key": 1,
          "schema_version": 0,
          "attributes": {
            "gateway_id": "",
            "id": "rtbassoc-01323b92d3e9a34b9",
            "route_table_id": "rtb-088177ae84d43907a",
            "subnet_id": "subnet-056015ee11ff0f6c2"
          },
          "sensitive_attributes": [],
          "private": "bnVsbA==",
          "dependencies": [
            "module.vpc.aws_subnet.private",
            "module.vpc.aws_vpc.this",
            "module.vpc.aws_vpc_ipv4_cidr_block_association.this",
            "module.vpc.aws_route_table.private"
          ]
        }
      ]
    },
    {
      "module": "module.vpc",
      "mode": "managed",
      "type": "aws_route_table_association",
      "name": "public",
      "provider": "provider[\"registry.terraform.io/hashicorp/aws\"]",
      "instances": [
        {
          "index_key": 0,
          "schema_version": 0,
          "attributes": {
            "gateway_id": "",
            "id": "rtbassoc-0824bb409d523bbf9",
            "route_table_id": "rtb-0d728b963a6773862",
            "subnet_id": "subnet-020a59fb618168419"
          },
          "sensitive_attributes": [],
          "private": "bnVsbA==",
          "dependencies": [
            "module.vpc.aws_vpc_ipv4_cidr_block_association.this",
            "module.vpc.aws_route_table.public",
            "module.vpc.aws_subnet.public",
            "module.vpc.aws_vpc.this"
          ]
        },
        {
          "index_key": 1,
          "schema_version": 0,
          "attributes": {
            "gateway_id": "",
            "id": "rtbassoc-022997f6036c6b0d2",
            "route_table_id": "rtb-0d728b963a6773862",
            "subnet_id": "subnet-078ab8171bc7628bf"
          },
          "sensitive_attributes": [],
          "private": "bnVsbA==",
          "dependencies": [
            "module.vpc.aws_route_table.public",
            "module.vpc.aws_subnet.public",
            "module.vpc.aws_vpc.this",
            "module.vpc.aws_vpc_ipv4_cidr_block_association.this"
          ]
        }
      ]
    },
    {
      "module": "module.vpc",
      "mode": "managed",
      "type": "aws_subnet",
      "name": "private",
      "provider": "provider[\"registry.terraform.io/hashicorp/aws\"]",
      "instances": [
        {
          "index_key": 0,
          "schema_version": 1,
          "attributes": {
            "arn": "arn:aws:ec2:us-east-1:809247286407:subnet/subnet-03b5f383b00c044cf",
            "assign_ipv6_address_on_creation": false,
            "availability_zone": "us-east-1a",
            "availability_zone_id": "use1-az6",
            "cidr_block": "10.0.1.0/24",
            "customer_owned_ipv4_pool": "",
            "id": "subnet-03b5f383b00c044cf",
            "ipv6_cidr_block": "",
            "ipv6_cidr_block_association_id": "",
            "map_customer_owned_ip_on_launch": false,
            "map_public_ip_on_launch": false,
            "outpost_arn": "",
            "owner_id": "809247286407",
            "tags": {
              "Name": "gs-hack-vpc-private-us-east-1a"
            },
            "tags_all": {
              "Name": "gs-hack-vpc-private-us-east-1a"
            },
            "timeouts": null,
            "vpc_id": "vpc-08c3c16207273649a"
          },
          "sensitive_attributes": [],
          "private": "eyJlMmJmYjczMC1lY2FhLTExZTYtOGY4OC0zNDM2M2JjN2M0YzAiOnsiY3JlYXRlIjo2MDAwMDAwMDAwMDAsImRlbGV0ZSI6MTIwMDAwMDAwMDAwMH0sInNjaGVtYV92ZXJzaW9uIjoiMSJ9",
          "dependencies": [
            "module.vpc.aws_vpc_ipv4_cidr_block_association.this",
            "module.vpc.aws_vpc.this"
          ]
        },
        {
          "index_key": 1,
          "schema_version": 1,
          "attributes": {
            "arn": "arn:aws:ec2:us-east-1:809247286407:subnet/subnet-056015ee11ff0f6c2",
            "assign_ipv6_address_on_creation": false,
            "availability_zone": "us-east-1b",
            "availability_zone_id": "use1-az1",
            "cidr_block": "10.0.2.0/24",
            "customer_owned_ipv4_pool": "",
            "id": "subnet-056015ee11ff0f6c2",
            "ipv6_cidr_block": "",
            "ipv6_cidr_block_association_id": "",
            "map_customer_owned_ip_on_launch": false,
            "map_public_ip_on_launch": false,
            "outpost_arn": "",
            "owner_id": "809247286407",
            "tags": {
              "Name": "gs-hack-vpc-private-us-east-1b"
            },
            "tags_all": {
              "Name": "gs-hack-vpc-private-us-east-1b"
            },
            "timeouts": null,
            "vpc_id": "vpc-08c3c16207273649a"
          },
          "sensitive_attributes": [],
          "private": "eyJlMmJmYjczMC1lY2FhLTExZTYtOGY4OC0zNDM2M2JjN2M0YzAiOnsiY3JlYXRlIjo2MDAwMDAwMDAwMDAsImRlbGV0ZSI6MTIwMDAwMDAwMDAwMH0sInNjaGVtYV92ZXJzaW9uIjoiMSJ9",
          "dependencies": [
            "module.vpc.aws_vpc.this",
            "module.vpc.aws_vpc_ipv4_cidr_block_association.this"
          ]
        }
      ]
    },
    {
      "module": "module.vpc",
      "mode": "managed",
      "type": "aws_subnet",
      "name": "public",
      "provider": "provider[\"registry.terraform.io/hashicorp/aws\"]",
      "instances": [
        {
          "index_key": 0,
          "schema_version": 1,
          "attributes": {
            "arn": "arn:aws:ec2:us-east-1:809247286407:subnet/subnet-020a59fb618168419",
            "assign_ipv6_address_on_creation": false,
            "availability_zone": "us-east-1a",
            "availability_zone_id": "use1-az6",
            "cidr_block": "10.0.101.0/24",
            "customer_owned_ipv4_pool": "",
            "id": "subnet-020a59fb618168419",
            "ipv6_cidr_block": "",
            "ipv6_cidr_block_association_id": "",
            "map_customer_owned_ip_on_launch": false,
            "map_public_ip_on_launch": true,
            "outpost_arn": "",
            "owner_id": "809247286407",
            "tags": {
              "Name": "gs-hack-vpc-public-us-east-1a"
            },
            "tags_all": {
              "Name": "gs-hack-vpc-public-us-east-1a"
            },
            "timeouts": null,
            "vpc_id": "vpc-08c3c16207273649a"
          },
          "sensitive_attributes": [],
          "private": "eyJlMmJmYjczMC1lY2FhLTExZTYtOGY4OC0zNDM2M2JjN2M0YzAiOnsiY3JlYXRlIjo2MDAwMDAwMDAwMDAsImRlbGV0ZSI6MTIwMDAwMDAwMDAwMH0sInNjaGVtYV92ZXJzaW9uIjoiMSJ9",
          "dependencies": [
            "module.vpc.aws_vpc.this",
            "module.vpc.aws_vpc_ipv4_cidr_block_association.this"
          ],
          "create_before_destroy": true
        },
        {
          "index_key": 1,
          "schema_version": 1,
          "attributes": {
            "arn": "arn:aws:ec2:us-east-1:809247286407:subnet/subnet-078ab8171bc7628bf",
            "assign_ipv6_address_on_creation": false,
            "availability_zone": "us-east-1b",
            "availability_zone_id": "use1-az1",
            "cidr_block": "10.0.102.0/24",
            "customer_owned_ipv4_pool": "",
            "id": "subnet-078ab8171bc7628bf",
            "ipv6_cidr_block": "",
            "ipv6_cidr_block_association_id": "",
            "map_customer_owned_ip_on_launch": false,
            "map_public_ip_on_launch": true,
            "outpost_arn": "",
            "owner_id": "809247286407",
            "tags": {
              "Name": "gs-hack-vpc-public-us-east-1b"
            },
            "tags_all": {
              "Name": "gs-hack-vpc-public-us-east-1b"
            },
            "timeouts": null,
            "vpc_id": "vpc-08c3c16207273649a"
          },
          "sensitive_attributes": [],
          "private": "eyJlMmJmYjczMC1lY2FhLTExZTYtOGY4OC0zNDM2M2JjN2M0YzAiOnsiY3JlYXRlIjo2MDAwMDAwMDAwMDAsImRlbGV0ZSI6MTIwMDAwMDAwMDAwMH0sInNjaGVtYV92ZXJzaW9uIjoiMSJ9",
          "dependencies": [
            "module.vpc.aws_vpc.this",
            "module.vpc.aws_vpc_ipv4_cidr_block_association.this"
          ],
          "create_before_destroy": true
        }
      ]
    },
    {
      "module": "module.vpc",
      "mode": "managed",
      "type": "aws_vpc",
      "name": "this",
      "provider": "provider[\"registry.terraform.io/hashicorp/aws\"]",
      "instances": [
        {
          "index_key": 0,
          "schema_version": 1,
          "attributes": {
            "arn": "arn:aws:ec2:us-east-1:809247286407:vpc/vpc-08c3c16207273649a",
            "assign_generated_ipv6_cidr_block": false,
            "cidr_block": "10.0.0.0/16",
            "default_network_acl_id": "acl-0dea61806d33b55c3",
            "default_route_table_id": "rtb-00eef34795919e9a9",
            "default_security_group_id": "sg-0a05d624f06d53227",
            "dhcp_options_id": "dopt-bfbbd4c5",
            "enable_classiclink": false,
            "enable_classiclink_dns_support": false,
            "enable_dns_hostnames": true,
            "enable_dns_support": true,
            "id": "vpc-08c3c16207273649a",
            "instance_tenancy": "default",
            "ipv6_association_id": "",
            "ipv6_cidr_block": "",
            "main_route_table_id": "rtb-00eef34795919e9a9",
            "owner_id": "809247286407",
            "tags": {
              "Name": "gs-hack-vpc"
            },
            "tags_all": {
              "Name": "gs-hack-vpc"
            }
          },
          "sensitive_attributes": [],
          "private": "eyJzY2hlbWFfdmVyc2lvbiI6IjEifQ==",
          "create_before_destroy": true
        }
      ]
    }
  ]
}
